// !$*UTF8*$!
{
	archiveVersion = 1;
	classes = {
	};
	objectVersion = 50;
	objects = {

/* Begin PBXBuildFile section */
		F800ABEC2693B44E00060ACF /* PaneBackground.swift in Sources */ = {isa = PBXBuildFile; fileRef = F800ABEB2693B44E00060ACF /* PaneBackground.swift */; };
		F80559F22757AD5A00F167E9 /* Fahrenheit.swift in Sources */ = {isa = PBXBuildFile; fileRef = F80559F12757AD5A00F167E9 /* Fahrenheit.swift */; };
		F812D9812853B00200FC8223 /* DailyWeatherRaw.swift in Sources */ = {isa = PBXBuildFile; fileRef = F812D9802853B00200FC8223 /* DailyWeatherRaw.swift */; };
		F812D9832853D34500FC8223 /* UpcomingWeatherResource.swift in Sources */ = {isa = PBXBuildFile; fileRef = F812D9822853D34500FC8223 /* UpcomingWeatherResource.swift */; };
		F812D9872853DBC800FC8223 /* ButtonAction.swift in Sources */ = {isa = PBXBuildFile; fileRef = F812D9862853DBC800FC8223 /* ButtonAction.swift */; };
		F812D9892853DD5F00FC8223 /* WeatherView.swift in Sources */ = {isa = PBXBuildFile; fileRef = F812D9882853DD5F00FC8223 /* WeatherView.swift */; };
		F812D98B2853F24C00FC8223 /* DailyWeatherRow.swift in Sources */ = {isa = PBXBuildFile; fileRef = F812D98A2853F24C00FC8223 /* DailyWeatherRow.swift */; };
		F812D98D2853F4AD00FC8223 /* HourlyWeatherRow.swift in Sources */ = {isa = PBXBuildFile; fileRef = F812D98C2853F4AD00FC8223 /* HourlyWeatherRow.swift */; };
		F812D99128549C1600FC8223 /* PaneShadow.swift in Sources */ = {isa = PBXBuildFile; fileRef = F812D99028549C1600FC8223 /* PaneShadow.swift */; };
		F81CFD3D286A3C2B002CCE51 /* VerticalSizeClassStack.swift in Sources */ = {isa = PBXBuildFile; fileRef = F81CFD3C286A3C2B002CCE51 /* VerticalSizeClassStack.swift */; };
		F83B0A26275CEC44001F4F3A /* ConditionsRaw.swift in Sources */ = {isa = PBXBuildFile; fileRef = F83B0A1A275CEC44001F4F3A /* ConditionsRaw.swift */; };
		F83B0A27275CEC44001F4F3A /* TemperatureRaw.swift in Sources */ = {isa = PBXBuildFile; fileRef = F83B0A1B275CEC44001F4F3A /* TemperatureRaw.swift */; };
		F83B0A28275CEC44001F4F3A /* CurrentWeatherRaw.swift in Sources */ = {isa = PBXBuildFile; fileRef = F83B0A1C275CEC44001F4F3A /* CurrentWeatherRaw.swift */; };
		F83B0A29275CEC44001F4F3A /* HourlyWeatherRaw.swift in Sources */ = {isa = PBXBuildFile; fileRef = F83B0A1E275CEC44001F4F3A /* HourlyWeatherRaw.swift */; };
		F83B0A2B275CEC44001F4F3A /* UpcomingWeatherRaw.swift in Sources */ = {isa = PBXBuildFile; fileRef = F83B0A20275CEC44001F4F3A /* UpcomingWeatherRaw.swift */; };
		F83B0A2C275CEC44001F4F3A /* WeatherDescriptionRaw.swift in Sources */ = {isa = PBXBuildFile; fileRef = F83B0A21275CEC44001F4F3A /* WeatherDescriptionRaw.swift */; };
		F867BC23275E0725001CBA62 /* RootView.swift in Sources */ = {isa = PBXBuildFile; fileRef = F867BC0E275E0725001CBA62 /* RootView.swift */; };
		F867BC25275E0725001CBA62 /* ErrorView.swift in Sources */ = {isa = PBXBuildFile; fileRef = F867BC11275E0725001CBA62 /* ErrorView.swift */; };
		F867BC26275E0725001CBA62 /* WeatherScreen.swift in Sources */ = {isa = PBXBuildFile; fileRef = F867BC12275E0725001CBA62 /* WeatherScreen.swift */; };
		F867BC27275E0725001CBA62 /* HourlyWeatherView.swift in Sources */ = {isa = PBXBuildFile; fileRef = F867BC14275E0725001CBA62 /* HourlyWeatherView.swift */; };
		F867BC28275E0725001CBA62 /* DailyWeatherView.swift in Sources */ = {isa = PBXBuildFile; fileRef = F867BC15275E0725001CBA62 /* DailyWeatherView.swift */; };
		F867BC29275E0725001CBA62 /* CurrentWeatherView.swift in Sources */ = {isa = PBXBuildFile; fileRef = F867BC16275E0725001CBA62 /* CurrentWeatherView.swift */; };
		F867BC2A275E0725001CBA62 /* PrimaryTemperatureView.swift in Sources */ = {isa = PBXBuildFile; fileRef = F867BC18275E0725001CBA62 /* PrimaryTemperatureView.swift */; };
		F867BC2C275E0725001CBA62 /* SizeCategoryStackView.swift in Sources */ = {isa = PBXBuildFile; fileRef = F867BC1A275E0725001CBA62 /* SizeCategoryStackView.swift */; };
		F867BC2D275E0725001CBA62 /* BackgroundView.swift in Sources */ = {isa = PBXBuildFile; fileRef = F867BC1B275E0725001CBA62 /* BackgroundView.swift */; };
		F867BC2E275E0725001CBA62 /* SecondaryTemperatureView.swift in Sources */ = {isa = PBXBuildFile; fileRef = F867BC1C275E0725001CBA62 /* SecondaryTemperatureView.swift */; };
		F867BC2F275E0725001CBA62 /* WeatherImageView.swift in Sources */ = {isa = PBXBuildFile; fileRef = F867BC1D275E0725001CBA62 /* WeatherImageView.swift */; };
		F867BC30275E0725001CBA62 /* HorizontalSizeClassStack.swift in Sources */ = {isa = PBXBuildFile; fileRef = F867BC1E275E0725001CBA62 /* HorizontalSizeClassStack.swift */; };
		F867BC31275E0725001CBA62 /* TemperatureScalePickerView.swift in Sources */ = {isa = PBXBuildFile; fileRef = F867BC1F275E0725001CBA62 /* TemperatureScalePickerView.swift */; };
		F867BC33275E0725001CBA62 /* DataAttributionView.swift in Sources */ = {isa = PBXBuildFile; fileRef = F867BC21275E0725001CBA62 /* DataAttributionView.swift */; };
		F875DCA5268DF98C0025386F /* WeatherBackground.swift in Sources */ = {isa = PBXBuildFile; fileRef = F875DCA4268DF98C0025386F /* WeatherBackground.swift */; };
		F87E5C93267C9E950032949A /* ImperialWeatherApp.swift in Sources */ = {isa = PBXBuildFile; fileRef = F87E5C92267C9E950032949A /* ImperialWeatherApp.swift */; };
		F87E5C97267C9E960032949A /* Assets.xcassets in Resources */ = {isa = PBXBuildFile; fileRef = F87E5C96267C9E960032949A /* Assets.xcassets */; };
		F87E5C9A267C9E960032949A /* Preview Assets.xcassets in Resources */ = {isa = PBXBuildFile; fileRef = F87E5C99267C9E960032949A /* Preview Assets.xcassets */; };
		F87E5CB4267CA46C0032949A /* CurrentWeatherResource.swift in Sources */ = {isa = PBXBuildFile; fileRef = F87E5CB3267CA46C0032949A /* CurrentWeatherResource.swift */; };
		F87E5CB8267CA53B0032949A /* WeatherViewModel.swift in Sources */ = {isa = PBXBuildFile; fileRef = F87E5CB7267CA53B0032949A /* WeatherViewModel.swift */; };
		F87FB917269728BB00E38184 /* LoadingState.swift in Sources */ = {isa = PBXBuildFile; fileRef = F87FB916269728BB00E38184 /* LoadingState.swift */; };
		F897EE2428E64B0800A9C504 /* LocationPermissionMessage.swift in Sources */ = {isa = PBXBuildFile; fileRef = F897EE2328E64B0800A9C504 /* LocationPermissionMessage.swift */; };
		F897EE2628E64B3400A9C504 /* LocationErrorMessage.swift in Sources */ = {isa = PBXBuildFile; fileRef = F897EE2528E64B3400A9C504 /* LocationErrorMessage.swift */; };
		F897EE2828E64B5400A9C504 /* NetworkErrorMessage.swift in Sources */ = {isa = PBXBuildFile; fileRef = F897EE2728E64B5400A9C504 /* NetworkErrorMessage.swift */; };
		F897EE2A28E64B6C00A9C504 /* InvalidResponseMessage.swift in Sources */ = {isa = PBXBuildFile; fileRef = F897EE2928E64B6C00A9C504 /* InvalidResponseMessage.swift */; };
		F897EE2C28E64B8400A9C504 /* InvalidDataMessage.swift in Sources */ = {isa = PBXBuildFile; fileRef = F897EE2B28E64B8400A9C504 /* InvalidDataMessage.swift */; };
		F897EE2E28E64BA300A9C504 /* ErrorMessage.swift in Sources */ = {isa = PBXBuildFile; fileRef = F897EE2D28E64BA300A9C504 /* ErrorMessage.swift */; };
		F897EE3228E7014400A9C504 /* APIResource.swift in Sources */ = {isa = PBXBuildFile; fileRef = F897EE3128E7014400A9C504 /* APIResource.swift */; };
		F897EE3428E728CF00A9C504 /* NetworkRequest.swift in Sources */ = {isa = PBXBuildFile; fileRef = F897EE3328E728CF00A9C504 /* NetworkRequest.swift */; };
		F897EE3628E728E300A9C504 /* APIRequest.swift in Sources */ = {isa = PBXBuildFile; fileRef = F897EE3528E728E300A9C504 /* APIRequest.swift */; };
		F8A45FC026ECEC5900C34631 /* WeatherIcon.swift in Sources */ = {isa = PBXBuildFile; fileRef = F8A45FBF26ECEC5900C34631 /* WeatherIcon.swift */; };
		F8ABC7B428EC3D3300475BF3 /* InvalidURLMessage.swift in Sources */ = {isa = PBXBuildFile; fileRef = F8ABC7B328EC3D3300475BF3 /* InvalidURLMessage.swift */; };
		F8ABC7BE28EC680F00475BF3 /* WeatherDetailView.swift in Sources */ = {isa = PBXBuildFile; fileRef = F8ABC7BD28EC680F00475BF3 /* WeatherDetailView.swift */; };
		F8ABC7C028ED7DBC00475BF3 /* WeatherDetailChartView.swift in Sources */ = {isa = PBXBuildFile; fileRef = F8ABC7BF28ED7DBC00475BF3 /* WeatherDetailChartView.swift */; };
		F8BC643126F209A800B70620 /* AccessibilityLabel.swift in Sources */ = {isa = PBXBuildFile; fileRef = F8BC643026F209A800B70620 /* AccessibilityLabel.swift */; };
		F8C5ABBE26EF6F6900466C34 /* Celsius.swift in Sources */ = {isa = PBXBuildFile; fileRef = F8C5ABBD26EF6F6900466C34 /* Celsius.swift */; };
		F8CEA31F268B69FF0070DEE0 /* Formatting.swift in Sources */ = {isa = PBXBuildFile; fileRef = F8CEA31E268B69FF0070DEE0 /* Formatting.swift */; };
		F8DB82BD269EDEAF00B3936B /* NetworkingError.swift in Sources */ = {isa = PBXBuildFile; fileRef = F8DB82BC269EDEAF00B3936B /* NetworkingError.swift */; };
		F8EB4CA829364AAD00BAE881 /* CurrentWeather+Preview.swift in Sources */ = {isa = PBXBuildFile; fileRef = F8EB4CA729364AAD00BAE881 /* CurrentWeather+Preview.swift */; };
		F8EB4CAA29364AC800BAE881 /* WeatherDescription+Preview.swift in Sources */ = {isa = PBXBuildFile; fileRef = F8EB4CA929364AC800BAE881 /* WeatherDescription+Preview.swift */; };
		F8EB4CAC29364ADA00BAE881 /* UpcomingWeather+Preview.swift in Sources */ = {isa = PBXBuildFile; fileRef = F8EB4CAB29364ADA00BAE881 /* UpcomingWeather+Preview.swift */; };
		F8EB4CAE29364AF000BAE881 /* HourlyWeather+Preview.swift in Sources */ = {isa = PBXBuildFile; fileRef = F8EB4CAD29364AF000BAE881 /* HourlyWeather+Preview.swift */; };
		F8EB4CB029364B0000BAE881 /* DailyWeather+Preview.swift in Sources */ = {isa = PBXBuildFile; fileRef = F8EB4CAF29364B0000BAE881 /* DailyWeather+Preview.swift */; };
		F8EB4CB42936609D00BAE881 /* CurrentWeather.swift in Sources */ = {isa = PBXBuildFile; fileRef = F8EB4CB32936609D00BAE881 /* CurrentWeather.swift */; };
		F8EB4CB6293660E000BAE881 /* DailyWeather.swift in Sources */ = {isa = PBXBuildFile; fileRef = F8EB4CB5293660E000BAE881 /* DailyWeather.swift */; };
		F8EB4CB8293661C700BAE881 /* HourlyWeather.swift in Sources */ = {isa = PBXBuildFile; fileRef = F8EB4CB7293661C700BAE881 /* HourlyWeather.swift */; };
		F8EB4CBB2936A76200BAE881 /* CurrentWeatherPlain.swift in Sources */ = {isa = PBXBuildFile; fileRef = F8EB4CBA2936A76200BAE881 /* CurrentWeatherPlain.swift */; };
		F8EB4CBF2936A81E00BAE881 /* HourlyWeatherPlain.swift in Sources */ = {isa = PBXBuildFile; fileRef = F8EB4CBE2936A81E00BAE881 /* HourlyWeatherPlain.swift */; };
		F8EB4CC12936A83A00BAE881 /* DailyWeatherPlain.swift in Sources */ = {isa = PBXBuildFile; fileRef = F8EB4CC02936A83A00BAE881 /* DailyWeatherPlain.swift */; };
		F8EB4CCA29377E4F00BAE881 /* UpcomingWeatherPlain.swift in Sources */ = {isa = PBXBuildFile; fileRef = F8EB4CC929377E4F00BAE881 /* UpcomingWeatherPlain.swift */; };
		F8EB4CCC2937838B00BAE881 /* HomeWeather.swift in Sources */ = {isa = PBXBuildFile; fileRef = F8EB4CCB2937838B00BAE881 /* HomeWeather.swift */; };
		F8EB4CCF2937856500BAE881 /* GetWeather.swift in Sources */ = {isa = PBXBuildFile; fileRef = F8EB4CCE2937856500BAE881 /* GetWeather.swift */; };
		F8EB4CD129378E7300BAE881 /* HomeWeatherPlain.swift in Sources */ = {isa = PBXBuildFile; fileRef = F8EB4CD029378E7300BAE881 /* HomeWeatherPlain.swift */; };
		F8EDEF6626F0CB68008CB9A7 /* TemperatureScale.swift in Sources */ = {isa = PBXBuildFile; fileRef = F8EDEF6526F0CB68008CB9A7 /* TemperatureScale.swift */; };
/* End PBXBuildFile section */

/* Begin PBXFileReference section */
		F800ABEB2693B44E00060ACF /* PaneBackground.swift */ = {isa = PBXFileReference; lastKnownFileType = sourcecode.swift; path = PaneBackground.swift; sourceTree = "<group>"; };
		F80559F12757AD5A00F167E9 /* Fahrenheit.swift */ = {isa = PBXFileReference; lastKnownFileType = sourcecode.swift; path = Fahrenheit.swift; sourceTree = "<group>"; };
		F812D9802853B00200FC8223 /* DailyWeatherRaw.swift */ = {isa = PBXFileReference; lastKnownFileType = sourcecode.swift; path = DailyWeatherRaw.swift; sourceTree = "<group>"; };
		F812D9822853D34500FC8223 /* UpcomingWeatherResource.swift */ = {isa = PBXFileReference; lastKnownFileType = sourcecode.swift; path = UpcomingWeatherResource.swift; sourceTree = "<group>"; };
		F812D9862853DBC800FC8223 /* ButtonAction.swift */ = {isa = PBXFileReference; fileEncoding = 4; lastKnownFileType = sourcecode.swift; path = ButtonAction.swift; sourceTree = "<group>"; };
		F812D9882853DD5F00FC8223 /* WeatherView.swift */ = {isa = PBXFileReference; lastKnownFileType = sourcecode.swift; path = WeatherView.swift; sourceTree = "<group>"; };
		F812D98A2853F24C00FC8223 /* DailyWeatherRow.swift */ = {isa = PBXFileReference; lastKnownFileType = sourcecode.swift; path = DailyWeatherRow.swift; sourceTree = "<group>"; };
		F812D98C2853F4AD00FC8223 /* HourlyWeatherRow.swift */ = {isa = PBXFileReference; lastKnownFileType = sourcecode.swift; path = HourlyWeatherRow.swift; sourceTree = "<group>"; };
		F812D99028549C1600FC8223 /* PaneShadow.swift */ = {isa = PBXFileReference; lastKnownFileType = sourcecode.swift; path = PaneShadow.swift; sourceTree = "<group>"; };
		F81CFD3C286A3C2B002CCE51 /* VerticalSizeClassStack.swift */ = {isa = PBXFileReference; lastKnownFileType = sourcecode.swift; path = VerticalSizeClassStack.swift; sourceTree = "<group>"; };
		F83B0A1A275CEC44001F4F3A /* ConditionsRaw.swift */ = {isa = PBXFileReference; fileEncoding = 4; lastKnownFileType = sourcecode.swift; path = ConditionsRaw.swift; sourceTree = "<group>"; };
		F83B0A1B275CEC44001F4F3A /* TemperatureRaw.swift */ = {isa = PBXFileReference; fileEncoding = 4; lastKnownFileType = sourcecode.swift; path = TemperatureRaw.swift; sourceTree = "<group>"; };
		F83B0A1C275CEC44001F4F3A /* CurrentWeatherRaw.swift */ = {isa = PBXFileReference; fileEncoding = 4; lastKnownFileType = sourcecode.swift; path = CurrentWeatherRaw.swift; sourceTree = "<group>"; };
		F83B0A1E275CEC44001F4F3A /* HourlyWeatherRaw.swift */ = {isa = PBXFileReference; fileEncoding = 4; lastKnownFileType = sourcecode.swift; path = HourlyWeatherRaw.swift; sourceTree = "<group>"; };
		F83B0A20275CEC44001F4F3A /* UpcomingWeatherRaw.swift */ = {isa = PBXFileReference; fileEncoding = 4; lastKnownFileType = sourcecode.swift; path = UpcomingWeatherRaw.swift; sourceTree = "<group>"; };
		F83B0A21275CEC44001F4F3A /* WeatherDescriptionRaw.swift */ = {isa = PBXFileReference; fileEncoding = 4; lastKnownFileType = sourcecode.swift; path = WeatherDescriptionRaw.swift; sourceTree = "<group>"; };
		F867BC0E275E0725001CBA62 /* RootView.swift */ = {isa = PBXFileReference; fileEncoding = 4; lastKnownFileType = sourcecode.swift; path = RootView.swift; sourceTree = "<group>"; };
		F867BC11275E0725001CBA62 /* ErrorView.swift */ = {isa = PBXFileReference; fileEncoding = 4; lastKnownFileType = sourcecode.swift; path = ErrorView.swift; sourceTree = "<group>"; };
		F867BC12275E0725001CBA62 /* WeatherScreen.swift */ = {isa = PBXFileReference; fileEncoding = 4; lastKnownFileType = sourcecode.swift; path = WeatherScreen.swift; sourceTree = "<group>"; };
		F867BC14275E0725001CBA62 /* HourlyWeatherView.swift */ = {isa = PBXFileReference; fileEncoding = 4; lastKnownFileType = sourcecode.swift; path = HourlyWeatherView.swift; sourceTree = "<group>"; };
		F867BC15275E0725001CBA62 /* DailyWeatherView.swift */ = {isa = PBXFileReference; fileEncoding = 4; lastKnownFileType = sourcecode.swift; path = DailyWeatherView.swift; sourceTree = "<group>"; };
		F867BC16275E0725001CBA62 /* CurrentWeatherView.swift */ = {isa = PBXFileReference; fileEncoding = 4; lastKnownFileType = sourcecode.swift; path = CurrentWeatherView.swift; sourceTree = "<group>"; };
		F867BC18275E0725001CBA62 /* PrimaryTemperatureView.swift */ = {isa = PBXFileReference; fileEncoding = 4; lastKnownFileType = sourcecode.swift; path = PrimaryTemperatureView.swift; sourceTree = "<group>"; };
		F867BC1A275E0725001CBA62 /* SizeCategoryStackView.swift */ = {isa = PBXFileReference; fileEncoding = 4; lastKnownFileType = sourcecode.swift; path = SizeCategoryStackView.swift; sourceTree = "<group>"; };
		F867BC1B275E0725001CBA62 /* BackgroundView.swift */ = {isa = PBXFileReference; fileEncoding = 4; lastKnownFileType = sourcecode.swift; path = BackgroundView.swift; sourceTree = "<group>"; };
		F867BC1C275E0725001CBA62 /* SecondaryTemperatureView.swift */ = {isa = PBXFileReference; fileEncoding = 4; lastKnownFileType = sourcecode.swift; path = SecondaryTemperatureView.swift; sourceTree = "<group>"; };
		F867BC1D275E0725001CBA62 /* WeatherImageView.swift */ = {isa = PBXFileReference; fileEncoding = 4; lastKnownFileType = sourcecode.swift; path = WeatherImageView.swift; sourceTree = "<group>"; };
		F867BC1E275E0725001CBA62 /* HorizontalSizeClassStack.swift */ = {isa = PBXFileReference; fileEncoding = 4; lastKnownFileType = sourcecode.swift; path = HorizontalSizeClassStack.swift; sourceTree = "<group>"; };
		F867BC1F275E0725001CBA62 /* TemperatureScalePickerView.swift */ = {isa = PBXFileReference; fileEncoding = 4; lastKnownFileType = sourcecode.swift; path = TemperatureScalePickerView.swift; sourceTree = "<group>"; };
		F867BC21275E0725001CBA62 /* DataAttributionView.swift */ = {isa = PBXFileReference; fileEncoding = 4; lastKnownFileType = sourcecode.swift; path = DataAttributionView.swift; sourceTree = "<group>"; };
		F875DCA4268DF98C0025386F /* WeatherBackground.swift */ = {isa = PBXFileReference; lastKnownFileType = sourcecode.swift; path = WeatherBackground.swift; sourceTree = "<group>"; };
		F87E5C8F267C9E950032949A /* ImperialWeather.app */ = {isa = PBXFileReference; explicitFileType = wrapper.application; includeInIndex = 0; path = ImperialWeather.app; sourceTree = BUILT_PRODUCTS_DIR; };
		F87E5C92267C9E950032949A /* ImperialWeatherApp.swift */ = {isa = PBXFileReference; lastKnownFileType = sourcecode.swift; path = ImperialWeatherApp.swift; sourceTree = "<group>"; };
		F87E5C96267C9E960032949A /* Assets.xcassets */ = {isa = PBXFileReference; lastKnownFileType = folder.assetcatalog; path = Assets.xcassets; sourceTree = "<group>"; };
		F87E5C99267C9E960032949A /* Preview Assets.xcassets */ = {isa = PBXFileReference; lastKnownFileType = folder.assetcatalog; path = "Preview Assets.xcassets"; sourceTree = "<group>"; };
		F87E5C9B267C9E960032949A /* Info.plist */ = {isa = PBXFileReference; lastKnownFileType = text.plist.xml; path = Info.plist; sourceTree = "<group>"; };
		F87E5CB3267CA46C0032949A /* CurrentWeatherResource.swift */ = {isa = PBXFileReference; lastKnownFileType = sourcecode.swift; path = CurrentWeatherResource.swift; sourceTree = "<group>"; };
		F87E5CB7267CA53B0032949A /* WeatherViewModel.swift */ = {isa = PBXFileReference; lastKnownFileType = sourcecode.swift; path = WeatherViewModel.swift; sourceTree = "<group>"; };
		F87FB916269728BB00E38184 /* LoadingState.swift */ = {isa = PBXFileReference; lastKnownFileType = sourcecode.swift; path = LoadingState.swift; sourceTree = "<group>"; };
		F897EE2328E64B0800A9C504 /* LocationPermissionMessage.swift */ = {isa = PBXFileReference; lastKnownFileType = sourcecode.swift; path = LocationPermissionMessage.swift; sourceTree = "<group>"; };
		F897EE2528E64B3400A9C504 /* LocationErrorMessage.swift */ = {isa = PBXFileReference; lastKnownFileType = sourcecode.swift; path = LocationErrorMessage.swift; sourceTree = "<group>"; };
		F897EE2728E64B5400A9C504 /* NetworkErrorMessage.swift */ = {isa = PBXFileReference; lastKnownFileType = sourcecode.swift; path = NetworkErrorMessage.swift; sourceTree = "<group>"; };
		F897EE2928E64B6C00A9C504 /* InvalidResponseMessage.swift */ = {isa = PBXFileReference; lastKnownFileType = sourcecode.swift; path = InvalidResponseMessage.swift; sourceTree = "<group>"; };
		F897EE2B28E64B8400A9C504 /* InvalidDataMessage.swift */ = {isa = PBXFileReference; lastKnownFileType = sourcecode.swift; path = InvalidDataMessage.swift; sourceTree = "<group>"; };
		F897EE2D28E64BA300A9C504 /* ErrorMessage.swift */ = {isa = PBXFileReference; lastKnownFileType = sourcecode.swift; path = ErrorMessage.swift; sourceTree = "<group>"; };
		F897EE3128E7014400A9C504 /* APIResource.swift */ = {isa = PBXFileReference; fileEncoding = 4; lastKnownFileType = sourcecode.swift; path = APIResource.swift; sourceTree = "<group>"; };
		F897EE3328E728CF00A9C504 /* NetworkRequest.swift */ = {isa = PBXFileReference; lastKnownFileType = sourcecode.swift; path = NetworkRequest.swift; sourceTree = "<group>"; };
		F897EE3528E728E300A9C504 /* APIRequest.swift */ = {isa = PBXFileReference; lastKnownFileType = sourcecode.swift; path = APIRequest.swift; sourceTree = "<group>"; };
		F8A45FBF26ECEC5900C34631 /* WeatherIcon.swift */ = {isa = PBXFileReference; lastKnownFileType = sourcecode.swift; path = WeatherIcon.swift; sourceTree = "<group>"; };
		F8ABC7B328EC3D3300475BF3 /* InvalidURLMessage.swift */ = {isa = PBXFileReference; lastKnownFileType = sourcecode.swift; path = InvalidURLMessage.swift; sourceTree = "<group>"; };
		F8ABC7BD28EC680F00475BF3 /* WeatherDetailView.swift */ = {isa = PBXFileReference; lastKnownFileType = sourcecode.swift; path = WeatherDetailView.swift; sourceTree = "<group>"; };
		F8ABC7BF28ED7DBC00475BF3 /* WeatherDetailChartView.swift */ = {isa = PBXFileReference; lastKnownFileType = sourcecode.swift; path = WeatherDetailChartView.swift; sourceTree = "<group>"; };
		F8BC643026F209A800B70620 /* AccessibilityLabel.swift */ = {isa = PBXFileReference; lastKnownFileType = sourcecode.swift; path = AccessibilityLabel.swift; sourceTree = "<group>"; };
		F8C5ABBD26EF6F6900466C34 /* Celsius.swift */ = {isa = PBXFileReference; lastKnownFileType = sourcecode.swift; path = Celsius.swift; sourceTree = "<group>"; };
		F8CEA31E268B69FF0070DEE0 /* Formatting.swift */ = {isa = PBXFileReference; lastKnownFileType = sourcecode.swift; path = Formatting.swift; sourceTree = "<group>"; };
		F8DB82BC269EDEAF00B3936B /* NetworkingError.swift */ = {isa = PBXFileReference; lastKnownFileType = sourcecode.swift; path = NetworkingError.swift; sourceTree = "<group>"; };
		F8EB4CA729364AAD00BAE881 /* CurrentWeather+Preview.swift */ = {isa = PBXFileReference; lastKnownFileType = sourcecode.swift; path = "CurrentWeather+Preview.swift"; sourceTree = "<group>"; };
		F8EB4CA929364AC800BAE881 /* WeatherDescription+Preview.swift */ = {isa = PBXFileReference; lastKnownFileType = sourcecode.swift; path = "WeatherDescription+Preview.swift"; sourceTree = "<group>"; };
		F8EB4CAB29364ADA00BAE881 /* UpcomingWeather+Preview.swift */ = {isa = PBXFileReference; lastKnownFileType = sourcecode.swift; path = "UpcomingWeather+Preview.swift"; sourceTree = "<group>"; };
		F8EB4CAD29364AF000BAE881 /* HourlyWeather+Preview.swift */ = {isa = PBXFileReference; lastKnownFileType = sourcecode.swift; path = "HourlyWeather+Preview.swift"; sourceTree = "<group>"; };
		F8EB4CAF29364B0000BAE881 /* DailyWeather+Preview.swift */ = {isa = PBXFileReference; lastKnownFileType = sourcecode.swift; path = "DailyWeather+Preview.swift"; sourceTree = "<group>"; };
		F8EB4CB32936609D00BAE881 /* CurrentWeather.swift */ = {isa = PBXFileReference; lastKnownFileType = sourcecode.swift; path = CurrentWeather.swift; sourceTree = "<group>"; };
		F8EB4CB5293660E000BAE881 /* DailyWeather.swift */ = {isa = PBXFileReference; lastKnownFileType = sourcecode.swift; path = DailyWeather.swift; sourceTree = "<group>"; };
		F8EB4CB7293661C700BAE881 /* HourlyWeather.swift */ = {isa = PBXFileReference; lastKnownFileType = sourcecode.swift; path = HourlyWeather.swift; sourceTree = "<group>"; };
		F8EB4CBA2936A76200BAE881 /* CurrentWeatherPlain.swift */ = {isa = PBXFileReference; lastKnownFileType = sourcecode.swift; path = CurrentWeatherPlain.swift; sourceTree = "<group>"; };
		F8EB4CBE2936A81E00BAE881 /* HourlyWeatherPlain.swift */ = {isa = PBXFileReference; lastKnownFileType = sourcecode.swift; path = HourlyWeatherPlain.swift; sourceTree = "<group>"; };
		F8EB4CC02936A83A00BAE881 /* DailyWeatherPlain.swift */ = {isa = PBXFileReference; lastKnownFileType = sourcecode.swift; path = DailyWeatherPlain.swift; sourceTree = "<group>"; };
		F8EB4CC929377E4F00BAE881 /* UpcomingWeatherPlain.swift */ = {isa = PBXFileReference; lastKnownFileType = sourcecode.swift; path = UpcomingWeatherPlain.swift; sourceTree = "<group>"; };
		F8EB4CCB2937838B00BAE881 /* HomeWeather.swift */ = {isa = PBXFileReference; lastKnownFileType = sourcecode.swift; path = HomeWeather.swift; sourceTree = "<group>"; };
		F8EB4CCE2937856500BAE881 /* GetWeather.swift */ = {isa = PBXFileReference; lastKnownFileType = sourcecode.swift; path = GetWeather.swift; sourceTree = "<group>"; };
		F8EB4CD029378E7300BAE881 /* HomeWeatherPlain.swift */ = {isa = PBXFileReference; lastKnownFileType = sourcecode.swift; path = HomeWeatherPlain.swift; sourceTree = "<group>"; };
		F8EDEF6526F0CB68008CB9A7 /* TemperatureScale.swift */ = {isa = PBXFileReference; lastKnownFileType = sourcecode.swift; path = TemperatureScale.swift; sourceTree = "<group>"; };
/* End PBXFileReference section */

/* Begin PBXFrameworksBuildPhase section */
		F87E5C8C267C9E950032949A /* Frameworks */ = {
			isa = PBXFrameworksBuildPhase;
			buildActionMask = 2147483647;
			files = (
			);
			runOnlyForDeploymentPostprocessing = 0;
		};
/* End PBXFrameworksBuildPhase section */

/* Begin PBXGroup section */
		F800ABE82693AFED00060ACF /* ViewModifiers */ = {
			isa = PBXGroup;
			children = (
				F8BC643026F209A800B70620 /* AccessibilityLabel.swift */,
				F867BC1B275E0725001CBA62 /* BackgroundView.swift */,
				F800ABEB2693B44E00060ACF /* PaneBackground.swift */,
				F812D99028549C1600FC8223 /* PaneShadow.swift */,
			);
			path = ViewModifiers;
			sourceTree = "<group>";
		};
		F8164F9E275CEB47000EAE55 /* Models */ = {
			isa = PBXGroup;
			children = (
				F8CEA31E268B69FF0070DEE0 /* Formatting.swift */,
				F8EB4CB2293652F200BAE881 /* Raw */,
				F8EB4CB1293652D600BAE881 /* Entities */,
			);
			path = Models;
			sourceTree = "<group>";
		};
		F867BC0D275E0725001CBA62 /* Views */ = {
			isa = PBXGroup;
			children = (
				F867BC0E275E0725001CBA62 /* RootView.swift */,
				F867BC12275E0725001CBA62 /* WeatherScreen.swift */,
				F812D9882853DD5F00FC8223 /* WeatherView.swift */,
				F867BC11275E0725001CBA62 /* ErrorView.swift */,
				F867BC13275E0725001CBA62 /* WeatherViews */,
				F867BC17275E0725001CBA62 /* ComponentViews */,
			);
			path = Views;
			sourceTree = "<group>";
		};
		F867BC13275E0725001CBA62 /* WeatherViews */ = {
			isa = PBXGroup;
			children = (
				F867BC16275E0725001CBA62 /* CurrentWeatherView.swift */,
				F867BC14275E0725001CBA62 /* HourlyWeatherView.swift */,
				F812D98C2853F4AD00FC8223 /* HourlyWeatherRow.swift */,
				F867BC15275E0725001CBA62 /* DailyWeatherView.swift */,
				F812D98A2853F24C00FC8223 /* DailyWeatherRow.swift */,
				F8ABC7BD28EC680F00475BF3 /* WeatherDetailView.swift */,
				F8ABC7BF28ED7DBC00475BF3 /* WeatherDetailChartView.swift */,
			);
			path = WeatherViews;
			sourceTree = "<group>";
		};
		F867BC17275E0725001CBA62 /* ComponentViews */ = {
			isa = PBXGroup;
			children = (
				F867BC1D275E0725001CBA62 /* WeatherImageView.swift */,
				F867BC1E275E0725001CBA62 /* HorizontalSizeClassStack.swift */,
				F81CFD3C286A3C2B002CCE51 /* VerticalSizeClassStack.swift */,
				F867BC1A275E0725001CBA62 /* SizeCategoryStackView.swift */,
				F867BC18275E0725001CBA62 /* PrimaryTemperatureView.swift */,
				F867BC1C275E0725001CBA62 /* SecondaryTemperatureView.swift */,
				F867BC1F275E0725001CBA62 /* TemperatureScalePickerView.swift */,
				F867BC21275E0725001CBA62 /* DataAttributionView.swift */,
			);
			path = ComponentViews;
			sourceTree = "<group>";
		};
		F87E5C86267C9E950032949A = {
			isa = PBXGroup;
			children = (
				F87E5C91267C9E950032949A /* ImperialWeather */,
				F87E5C90267C9E950032949A /* Products */,
			);
			sourceTree = "<group>";
		};
		F87E5C90267C9E950032949A /* Products */ = {
			isa = PBXGroup;
			children = (
				F87E5C8F267C9E950032949A /* ImperialWeather.app */,
			);
			name = Products;
			sourceTree = "<group>";
		};
		F87E5C91267C9E950032949A /* ImperialWeather */ = {
			isa = PBXGroup;
			children = (
				F87E5C92267C9E950032949A /* ImperialWeatherApp.swift */,
				F87E5CAA267CA3BA0032949A /* Service */,
				F8164F9E275CEB47000EAE55 /* Models */,
				F8EB4CCD2937854700BAE881 /* UseCases */,
				F8BC642326F1EF7700B70620 /* ViewModels */,
				F867BC0D275E0725001CBA62 /* Views */,
				F800ABE82693AFED00060ACF /* ViewModifiers */,
				F8A45FC526ED1E7000C34631 /* Enums */,
				F8A45FBE26ECE4C900C34631 /* Constants */,
				F87E5C96267C9E960032949A /* Assets.xcassets */,
				F87E5C9B267C9E960032949A /* Info.plist */,
				F87E5C98267C9E960032949A /* Preview Content */,
			);
			path = ImperialWeather;
			sourceTree = "<group>";
		};
		F87E5C98267C9E960032949A /* Preview Content */ = {
			isa = PBXGroup;
			children = (
				F8EB4CA729364AAD00BAE881 /* CurrentWeather+Preview.swift */,
				F8EB4CA929364AC800BAE881 /* WeatherDescription+Preview.swift */,
				F8EB4CAB29364ADA00BAE881 /* UpcomingWeather+Preview.swift */,
				F8EB4CAD29364AF000BAE881 /* HourlyWeather+Preview.swift */,
				F8EB4CAF29364B0000BAE881 /* DailyWeather+Preview.swift */,
				F87E5C99267C9E960032949A /* Preview Assets.xcassets */,
			);
			path = "Preview Content";
			sourceTree = "<group>";
		};
		F87E5CAA267CA3BA0032949A /* Service */ = {
			isa = PBXGroup;
			children = (
				F897EE3028E6FF7900A9C504 /* Resources */,
				F897EE3728E728F500A9C504 /* Requests */,
				F897EE2F28E64BAF00A9C504 /* Errors */,
			);
			path = Service;
			sourceTree = "<group>";
		};
		F897EE2F28E64BAF00A9C504 /* Errors */ = {
			isa = PBXGroup;
			children = (
				F897EE2D28E64BA300A9C504 /* ErrorMessage.swift */,
				F8DB82BC269EDEAF00B3936B /* NetworkingError.swift */,
				F8ABC7B328EC3D3300475BF3 /* InvalidURLMessage.swift */,
				F897EE2328E64B0800A9C504 /* LocationPermissionMessage.swift */,
				F897EE2528E64B3400A9C504 /* LocationErrorMessage.swift */,
				F897EE2728E64B5400A9C504 /* NetworkErrorMessage.swift */,
				F897EE2928E64B6C00A9C504 /* InvalidResponseMessage.swift */,
				F897EE2B28E64B8400A9C504 /* InvalidDataMessage.swift */,
			);
			path = Errors;
			sourceTree = "<group>";
		};
		F897EE3028E6FF7900A9C504 /* Resources */ = {
			isa = PBXGroup;
			children = (
				F897EE3128E7014400A9C504 /* APIResource.swift */,
				F87E5CB3267CA46C0032949A /* CurrentWeatherResource.swift */,
				F812D9822853D34500FC8223 /* UpcomingWeatherResource.swift */,
			);
			path = Resources;
			sourceTree = "<group>";
		};
		F897EE3728E728F500A9C504 /* Requests */ = {
			isa = PBXGroup;
			children = (
				F897EE3328E728CF00A9C504 /* NetworkRequest.swift */,
				F897EE3528E728E300A9C504 /* APIRequest.swift */,
			);
			path = Requests;
			sourceTree = "<group>";
		};
		F8A45FBE26ECE4C900C34631 /* Constants */ = {
			isa = PBXGroup;
			children = (
				F8C5ABBD26EF6F6900466C34 /* Celsius.swift */,
				F80559F12757AD5A00F167E9 /* Fahrenheit.swift */,
				F8A45FBF26ECEC5900C34631 /* WeatherIcon.swift */,
				F812D9862853DBC800FC8223 /* ButtonAction.swift */,
				F875DCA4268DF98C0025386F /* WeatherBackground.swift */,
			);
			path = Constants;
			sourceTree = "<group>";
		};
		F8A45FC526ED1E7000C34631 /* Enums */ = {
			isa = PBXGroup;
			children = (
				F87FB916269728BB00E38184 /* LoadingState.swift */,
				F8EDEF6526F0CB68008CB9A7 /* TemperatureScale.swift */,
			);
			path = Enums;
			sourceTree = "<group>";
		};
		F8BC642326F1EF7700B70620 /* ViewModels */ = {
			isa = PBXGroup;
			children = (
				F87E5CB7267CA53B0032949A /* WeatherViewModel.swift */,
			);
			path = ViewModels;
			sourceTree = "<group>";
		};
		F8EB4CB1293652D600BAE881 /* Entities */ = {
			isa = PBXGroup;
			children = (
				F8EB4CB92936A75000BAE881 /* Plain */,
				F8EB4CCB2937838B00BAE881 /* HomeWeather.swift */,
				F8EB4CB32936609D00BAE881 /* CurrentWeather.swift */,
				F8EB4CB7293661C700BAE881 /* HourlyWeather.swift */,
				F8EB4CB5293660E000BAE881 /* DailyWeather.swift */,
			);
			path = Entities;
			sourceTree = "<group>";
		};
		F8EB4CB2293652F200BAE881 /* Raw */ = {
			isa = PBXGroup;
			children = (
				F83B0A1C275CEC44001F4F3A /* CurrentWeatherRaw.swift */,
				F83B0A1A275CEC44001F4F3A /* ConditionsRaw.swift */,
				F83B0A20275CEC44001F4F3A /* UpcomingWeatherRaw.swift */,
				F83B0A1E275CEC44001F4F3A /* HourlyWeatherRaw.swift */,
				F812D9802853B00200FC8223 /* DailyWeatherRaw.swift */,
				F83B0A1B275CEC44001F4F3A /* TemperatureRaw.swift */,
				F83B0A21275CEC44001F4F3A /* WeatherDescriptionRaw.swift */,
			);
			path = Raw;
			sourceTree = "<group>";
		};
		F8EB4CB92936A75000BAE881 /* Plain */ = {
			isa = PBXGroup;
			children = (
				F8EB4CD029378E7300BAE881 /* HomeWeatherPlain.swift */,
				F8EB4CBA2936A76200BAE881 /* CurrentWeatherPlain.swift */,
				F8EB4CC929377E4F00BAE881 /* UpcomingWeatherPlain.swift */,
				F8EB4CBE2936A81E00BAE881 /* HourlyWeatherPlain.swift */,
				F8EB4CC02936A83A00BAE881 /* DailyWeatherPlain.swift */,
			);
			path = Plain;
			sourceTree = "<group>";
		};
		F8EB4CCD2937854700BAE881 /* UseCases */ = {
			isa = PBXGroup;
			children = (
				F8EB4CCE2937856500BAE881 /* GetWeather.swift */,
			);
			path = UseCases;
			sourceTree = "<group>";
		};
/* End PBXGroup section */

/* Begin PBXNativeTarget section */
		F87E5C8E267C9E950032949A /* ImperialWeather */ = {
			isa = PBXNativeTarget;
			buildConfigurationList = F87E5C9E267C9E960032949A /* Build configuration list for PBXNativeTarget "ImperialWeather" */;
			buildPhases = (
				F87E5C8B267C9E950032949A /* Sources */,
				F87E5C8C267C9E950032949A /* Frameworks */,
				F87E5C8D267C9E950032949A /* Resources */,
			);
			buildRules = (
			);
			dependencies = (
			);
			name = ImperialWeather;
			productName = ImperialWeather;
			productReference = F87E5C8F267C9E950032949A /* ImperialWeather.app */;
			productType = "com.apple.product-type.application";
		};
/* End PBXNativeTarget section */

/* Begin PBXProject section */
		F87E5C87267C9E950032949A /* Project object */ = {
			isa = PBXProject;
			attributes = {
				LastSwiftUpdateCheck = 1250;
				LastUpgradeCheck = 1250;
				TargetAttributes = {
					F87E5C8E267C9E950032949A = {
						CreatedOnToolsVersion = 12.5;
					};
				};
			};
			buildConfigurationList = F87E5C8A267C9E950032949A /* Build configuration list for PBXProject "ImperialWeather" */;
			compatibilityVersion = "Xcode 9.3";
			developmentRegion = en;
			hasScannedForEncodings = 0;
			knownRegions = (
				en,
				Base,
			);
			mainGroup = F87E5C86267C9E950032949A;
			productRefGroup = F87E5C90267C9E950032949A /* Products */;
			projectDirPath = "";
			projectRoot = "";
			targets = (
				F87E5C8E267C9E950032949A /* ImperialWeather */,
			);
		};
/* End PBXProject section */

/* Begin PBXResourcesBuildPhase section */
		F87E5C8D267C9E950032949A /* Resources */ = {
			isa = PBXResourcesBuildPhase;
			buildActionMask = 2147483647;
			files = (
				F87E5C9A267C9E960032949A /* Preview Assets.xcassets in Resources */,
				F87E5C97267C9E960032949A /* Assets.xcassets in Resources */,
			);
			runOnlyForDeploymentPostprocessing = 0;
		};
/* End PBXResourcesBuildPhase section */

/* Begin PBXSourcesBuildPhase section */
		F87E5C8B267C9E950032949A /* Sources */ = {
			isa = PBXSourcesBuildPhase;
			buildActionMask = 2147483647;
			files = (
				F87E5CB4267CA46C0032949A /* CurrentWeatherResource.swift in Sources */,
				F897EE2E28E64BA300A9C504 /* ErrorMessage.swift in Sources */,
				F83B0A27275CEC44001F4F3A /* TemperatureRaw.swift in Sources */,
				F8BC643126F209A800B70620 /* AccessibilityLabel.swift in Sources */,
				F812D9872853DBC800FC8223 /* ButtonAction.swift in Sources */,
				F867BC26275E0725001CBA62 /* WeatherScreen.swift in Sources */,
				F897EE2C28E64B8400A9C504 /* InvalidDataMessage.swift in Sources */,
				F83B0A29275CEC44001F4F3A /* HourlyWeatherRaw.swift in Sources */,
				F867BC2F275E0725001CBA62 /* WeatherImageView.swift in Sources */,
				F8DB82BD269EDEAF00B3936B /* NetworkingError.swift in Sources */,
				F897EE3228E7014400A9C504 /* APIResource.swift in Sources */,
				F87E5C93267C9E950032949A /* ImperialWeatherApp.swift in Sources */,
				F867BC25275E0725001CBA62 /* ErrorView.swift in Sources */,
				F867BC2E275E0725001CBA62 /* SecondaryTemperatureView.swift in Sources */,
				F812D9832853D34500FC8223 /* UpcomingWeatherResource.swift in Sources */,
				F8ABC7C028ED7DBC00475BF3 /* WeatherDetailChartView.swift in Sources */,
				F8EDEF6626F0CB68008CB9A7 /* TemperatureScale.swift in Sources */,
				F897EE2828E64B5400A9C504 /* NetworkErrorMessage.swift in Sources */,
				F897EE2428E64B0800A9C504 /* LocationPermissionMessage.swift in Sources */,
				F87FB917269728BB00E38184 /* LoadingState.swift in Sources */,
				F897EE2A28E64B6C00A9C504 /* InvalidResponseMessage.swift in Sources */,
				F867BC2A275E0725001CBA62 /* PrimaryTemperatureView.swift in Sources */,
				F8EB4CC12936A83A00BAE881 /* DailyWeatherPlain.swift in Sources */,
				F812D98B2853F24C00FC8223 /* DailyWeatherRow.swift in Sources */,
				F867BC29275E0725001CBA62 /* CurrentWeatherView.swift in Sources */,
				F8EB4CBF2936A81E00BAE881 /* HourlyWeatherPlain.swift in Sources */,
				F8EB4CB029364B0000BAE881 /* DailyWeather+Preview.swift in Sources */,
				F87E5CB8267CA53B0032949A /* WeatherViewModel.swift in Sources */,
				F897EE3428E728CF00A9C504 /* NetworkRequest.swift in Sources */,
				F8A45FC026ECEC5900C34631 /* WeatherIcon.swift in Sources */,
				F8EB4CD129378E7300BAE881 /* HomeWeatherPlain.swift in Sources */,
				F8EB4CCA29377E4F00BAE881 /* UpcomingWeatherPlain.swift in Sources */,
				F8ABC7B428EC3D3300475BF3 /* InvalidURLMessage.swift in Sources */,
				F8EB4CCF2937856500BAE881 /* GetWeather.swift in Sources */,
				F897EE3628E728E300A9C504 /* APIRequest.swift in Sources */,
				F867BC33275E0725001CBA62 /* DataAttributionView.swift in Sources */,
				F8EB4CAC29364ADA00BAE881 /* UpcomingWeather+Preview.swift in Sources */,
				F8EB4CCC2937838B00BAE881 /* HomeWeather.swift in Sources */,
				F80559F22757AD5A00F167E9 /* Fahrenheit.swift in Sources */,
				F812D98D2853F4AD00FC8223 /* HourlyWeatherRow.swift in Sources */,
				F812D99128549C1600FC8223 /* PaneShadow.swift in Sources */,
				F8C5ABBE26EF6F6900466C34 /* Celsius.swift in Sources */,
				F867BC31275E0725001CBA62 /* TemperatureScalePickerView.swift in Sources */,
				F867BC27275E0725001CBA62 /* HourlyWeatherView.swift in Sources */,
				F81CFD3D286A3C2B002CCE51 /* VerticalSizeClassStack.swift in Sources */,
				F8EB4CA829364AAD00BAE881 /* CurrentWeather+Preview.swift in Sources */,
				F8EB4CAE29364AF000BAE881 /* HourlyWeather+Preview.swift in Sources */,
				F867BC30275E0725001CBA62 /* HorizontalSizeClassStack.swift in Sources */,
				F83B0A28275CEC44001F4F3A /* CurrentWeatherRaw.swift in Sources */,
				F867BC2D275E0725001CBA62 /* BackgroundView.swift in Sources */,
				F8EB4CAA29364AC800BAE881 /* WeatherDescription+Preview.swift in Sources */,
				F8EB4CB42936609D00BAE881 /* CurrentWeather.swift in Sources */,
				F8EB4CB8293661C700BAE881 /* HourlyWeather.swift in Sources */,
				F800ABEC2693B44E00060ACF /* PaneBackground.swift in Sources */,
				F8ABC7BE28EC680F00475BF3 /* WeatherDetailView.swift in Sources */,
				F812D9892853DD5F00FC8223 /* WeatherView.swift in Sources */,
				F812D9812853B00200FC8223 /* DailyWeatherRaw.swift in Sources */,
				F897EE2628E64B3400A9C504 /* LocationErrorMessage.swift in Sources */,
				F867BC28275E0725001CBA62 /* DailyWeatherView.swift in Sources */,
				F875DCA5268DF98C0025386F /* WeatherBackground.swift in Sources */,
				F867BC2C275E0725001CBA62 /* SizeCategoryStackView.swift in Sources */,
				F83B0A26275CEC44001F4F3A /* ConditionsRaw.swift in Sources */,
				F8EB4CB6293660E000BAE881 /* DailyWeather.swift in Sources */,
				F83B0A2C275CEC44001F4F3A /* WeatherDescriptionRaw.swift in Sources */,
				F83B0A2B275CEC44001F4F3A /* UpcomingWeatherRaw.swift in Sources */,
				F8CEA31F268B69FF0070DEE0 /* Formatting.swift in Sources */,
				F867BC23275E0725001CBA62 /* RootView.swift in Sources */,
				F8EB4CBB2936A76200BAE881 /* CurrentWeatherPlain.swift in Sources */,
			);
			runOnlyForDeploymentPostprocessing = 0;
		};
/* End PBXSourcesBuildPhase section */

/* Begin XCBuildConfiguration section */
		F87E5C9C267C9E960032949A /* Debug */ = {
			isa = XCBuildConfiguration;
			buildSettings = {
				ALWAYS_SEARCH_USER_PATHS = NO;
				CLANG_ANALYZER_NONNULL = YES;
				CLANG_ANALYZER_NUMBER_OBJECT_CONVERSION = YES_AGGRESSIVE;
				CLANG_CXX_LANGUAGE_STANDARD = "gnu++14";
				CLANG_CXX_LIBRARY = "libc++";
				CLANG_ENABLE_MODULES = YES;
				CLANG_ENABLE_OBJC_ARC = YES;
				CLANG_ENABLE_OBJC_WEAK = YES;
				CLANG_WARN_BLOCK_CAPTURE_AUTORELEASING = YES;
				CLANG_WARN_BOOL_CONVERSION = YES;
				CLANG_WARN_COMMA = YES;
				CLANG_WARN_CONSTANT_CONVERSION = YES;
				CLANG_WARN_DEPRECATED_OBJC_IMPLEMENTATIONS = YES;
				CLANG_WARN_DIRECT_OBJC_ISA_USAGE = YES_ERROR;
				CLANG_WARN_DOCUMENTATION_COMMENTS = YES;
				CLANG_WARN_EMPTY_BODY = YES;
				CLANG_WARN_ENUM_CONVERSION = YES;
				CLANG_WARN_INFINITE_RECURSION = YES;
				CLANG_WARN_INT_CONVERSION = YES;
				CLANG_WARN_NON_LITERAL_NULL_CONVERSION = YES;
				CLANG_WARN_OBJC_IMPLICIT_RETAIN_SELF = YES;
				CLANG_WARN_OBJC_LITERAL_CONVERSION = YES;
				CLANG_WARN_OBJC_ROOT_CLASS = YES_ERROR;
				CLANG_WARN_QUOTED_INCLUDE_IN_FRAMEWORK_HEADER = YES;
				CLANG_WARN_RANGE_LOOP_ANALYSIS = YES;
				CLANG_WARN_STRICT_PROTOTYPES = YES;
				CLANG_WARN_SUSPICIOUS_MOVE = YES;
				CLANG_WARN_UNGUARDED_AVAILABILITY = YES_AGGRESSIVE;
				CLANG_WARN_UNREACHABLE_CODE = YES;
				CLANG_WARN__DUPLICATE_METHOD_MATCH = YES;
				COPY_PHASE_STRIP = NO;
				DEBUG_INFORMATION_FORMAT = dwarf;
				ENABLE_STRICT_OBJC_MSGSEND = YES;
				ENABLE_TESTABILITY = YES;
				GCC_C_LANGUAGE_STANDARD = gnu11;
				GCC_DYNAMIC_NO_PIC = NO;
				GCC_NO_COMMON_BLOCKS = YES;
				GCC_OPTIMIZATION_LEVEL = 0;
				GCC_PREPROCESSOR_DEFINITIONS = (
					"DEBUG=1",
					"$(inherited)",
				);
				GCC_WARN_64_TO_32_BIT_CONVERSION = YES;
				GCC_WARN_ABOUT_RETURN_TYPE = YES_ERROR;
				GCC_WARN_UNDECLARED_SELECTOR = YES;
				GCC_WARN_UNINITIALIZED_AUTOS = YES_AGGRESSIVE;
				GCC_WARN_UNUSED_FUNCTION = YES;
				GCC_WARN_UNUSED_VARIABLE = YES;
				IPHONEOS_DEPLOYMENT_TARGET = 15.0;
				MTL_ENABLE_DEBUG_INFO = INCLUDE_SOURCE;
				MTL_FAST_MATH = YES;
				ONLY_ACTIVE_ARCH = YES;
				SDKROOT = iphoneos;
				SWIFT_ACTIVE_COMPILATION_CONDITIONS = DEBUG;
				SWIFT_OPTIMIZATION_LEVEL = "-Onone";
			};
			name = Debug;
		};
		F87E5C9D267C9E960032949A /* Release */ = {
			isa = XCBuildConfiguration;
			buildSettings = {
				ALWAYS_SEARCH_USER_PATHS = NO;
				CLANG_ANALYZER_NONNULL = YES;
				CLANG_ANALYZER_NUMBER_OBJECT_CONVERSION = YES_AGGRESSIVE;
				CLANG_CXX_LANGUAGE_STANDARD = "gnu++14";
				CLANG_CXX_LIBRARY = "libc++";
				CLANG_ENABLE_MODULES = YES;
				CLANG_ENABLE_OBJC_ARC = YES;
				CLANG_ENABLE_OBJC_WEAK = YES;
				CLANG_WARN_BLOCK_CAPTURE_AUTORELEASING = YES;
				CLANG_WARN_BOOL_CONVERSION = YES;
				CLANG_WARN_COMMA = YES;
				CLANG_WARN_CONSTANT_CONVERSION = YES;
				CLANG_WARN_DEPRECATED_OBJC_IMPLEMENTATIONS = YES;
				CLANG_WARN_DIRECT_OBJC_ISA_USAGE = YES_ERROR;
				CLANG_WARN_DOCUMENTATION_COMMENTS = YES;
				CLANG_WARN_EMPTY_BODY = YES;
				CLANG_WARN_ENUM_CONVERSION = YES;
				CLANG_WARN_INFINITE_RECURSION = YES;
				CLANG_WARN_INT_CONVERSION = YES;
				CLANG_WARN_NON_LITERAL_NULL_CONVERSION = YES;
				CLANG_WARN_OBJC_IMPLICIT_RETAIN_SELF = YES;
				CLANG_WARN_OBJC_LITERAL_CONVERSION = YES;
				CLANG_WARN_OBJC_ROOT_CLASS = YES_ERROR;
				CLANG_WARN_QUOTED_INCLUDE_IN_FRAMEWORK_HEADER = YES;
				CLANG_WARN_RANGE_LOOP_ANALYSIS = YES;
				CLANG_WARN_STRICT_PROTOTYPES = YES;
				CLANG_WARN_SUSPICIOUS_MOVE = YES;
				CLANG_WARN_UNGUARDED_AVAILABILITY = YES_AGGRESSIVE;
				CLANG_WARN_UNREACHABLE_CODE = YES;
				CLANG_WARN__DUPLICATE_METHOD_MATCH = YES;
				COPY_PHASE_STRIP = NO;
				DEBUG_INFORMATION_FORMAT = "dwarf-with-dsym";
				ENABLE_NS_ASSERTIONS = NO;
				ENABLE_STRICT_OBJC_MSGSEND = YES;
				GCC_C_LANGUAGE_STANDARD = gnu11;
				GCC_NO_COMMON_BLOCKS = YES;
				GCC_WARN_64_TO_32_BIT_CONVERSION = YES;
				GCC_WARN_ABOUT_RETURN_TYPE = YES_ERROR;
				GCC_WARN_UNDECLARED_SELECTOR = YES;
				GCC_WARN_UNINITIALIZED_AUTOS = YES_AGGRESSIVE;
				GCC_WARN_UNUSED_FUNCTION = YES;
				GCC_WARN_UNUSED_VARIABLE = YES;
				IPHONEOS_DEPLOYMENT_TARGET = 15.0;
				MTL_ENABLE_DEBUG_INFO = NO;
				MTL_FAST_MATH = YES;
				SDKROOT = iphoneos;
				SWIFT_COMPILATION_MODE = wholemodule;
				SWIFT_OPTIMIZATION_LEVEL = "-O";
				VALIDATE_PRODUCT = YES;
			};
			name = Release;
		};
		F87E5C9F267C9E960032949A /* Debug */ = {
			isa = XCBuildConfiguration;
			buildSettings = {
				ASSETCATALOG_COMPILER_APPICON_NAME = AppIcon;
				ASSETCATALOG_COMPILER_GLOBAL_ACCENT_COLOR_NAME = AccentColor;
				CODE_SIGN_STYLE = Automatic;
				DEVELOPMENT_ASSET_PATHS = "\"ImperialWeather/Preview Content\"";
				DEVELOPMENT_TEAM = H5BFNRJ7J5;
				ENABLE_PREVIEWS = YES;
				INFOPLIST_FILE = ImperialWeather/Info.plist;
				IPHONEOS_DEPLOYMENT_TARGET = 15.0;
				LD_RUNPATH_SEARCH_PATHS = (
					"$(inherited)",
					"@executable_path/Frameworks",
				);
				PRODUCT_BUNDLE_IDENTIFIER = com.mycompany.ImperialWeather;
				PRODUCT_NAME = "$(TARGET_NAME)";
				SWIFT_VERSION = 5.0;
				TARGETED_DEVICE_FAMILY = "1,2";
			};
			name = Debug;
		};
		F87E5CA0267C9E960032949A /* Release */ = {
			isa = XCBuildConfiguration;
			buildSettings = {
				ASSETCATALOG_COMPILER_APPICON_NAME = AppIcon;
				ASSETCATALOG_COMPILER_GLOBAL_ACCENT_COLOR_NAME = AccentColor;
				CODE_SIGN_STYLE = Automatic;
				DEVELOPMENT_ASSET_PATHS = "\"ImperialWeather/Preview Content\"";
				DEVELOPMENT_TEAM = H5BFNRJ7J5;
				ENABLE_PREVIEWS = YES;
				INFOPLIST_FILE = ImperialWeather/Info.plist;
				IPHONEOS_DEPLOYMENT_TARGET = 15.0;
				LD_RUNPATH_SEARCH_PATHS = (
					"$(inherited)",
					"@executable_path/Frameworks",
				);
				PRODUCT_BUNDLE_IDENTIFIER = com.mycompany.ImperialWeather;
				PRODUCT_NAME = "$(TARGET_NAME)";
				SWIFT_VERSION = 5.0;
				TARGETED_DEVICE_FAMILY = "1,2";
			};
			name = Release;
		};
/* End XCBuildConfiguration section */

/* Begin XCConfigurationList section */
		F87E5C8A267C9E950032949A /* Build configuration list for PBXProject "ImperialWeather" */ = {
			isa = XCConfigurationList;
			buildConfigurations = (
				F87E5C9C267C9E960032949A /* Debug */,
				F87E5C9D267C9E960032949A /* Release */,
			);
			defaultConfigurationIsVisible = 0;
			defaultConfigurationName = Release;
		};
		F87E5C9E267C9E960032949A /* Build configuration list for PBXNativeTarget "ImperialWeather" */ = {
			isa = XCConfigurationList;
			buildConfigurations = (
				F87E5C9F267C9E960032949A /* Debug */,
				F87E5CA0267C9E960032949A /* Release */,
			);
			defaultConfigurationIsVisible = 0;
			defaultConfigurationName = Release;
		};
/* End XCConfigurationList section */
	};
	rootObject = F87E5C87267C9E950032949A /* Project object */;
}
