// !$*UTF8*$!
{
	archiveVersion = 1;
	classes = {
	};
	objectVersion = 54;
	objects = {

/* Begin PBXBuildFile section */
		F800ABEC2693B44E00060ACF /* PaneBackground.swift in Sources */ = {isa = PBXBuildFile; fileRef = F800ABEB2693B44E00060ACF /* PaneBackground.swift */; };
		F801E3CF2B8378C6005E821A /* Date.swift in Sources */ = {isa = PBXBuildFile; fileRef = F801E3C62B7FC9A8005E821A /* Date.swift */; };
		F8072DF62C2C2F7E00503E3F /* HomeIntent.swift in Sources */ = {isa = PBXBuildFile; fileRef = F8072DF52C2C2F7E00503E3F /* HomeIntent.swift */; };
		F8072DF82C2C9A2900503E3F /* LocationService.swift in Sources */ = {isa = PBXBuildFile; fileRef = F8072DF72C2C9A2900503E3F /* LocationService.swift */; };
		F8072DFA2C2C9BA000503E3F /* LocationServiceImpl.swift in Sources */ = {isa = PBXBuildFile; fileRef = F8072DF92C2C9BA000503E3F /* LocationServiceImpl.swift */; };
		F8072DFC2C2DAE2900503E3F /* LocationErrorMessages.swift in Sources */ = {isa = PBXBuildFile; fileRef = F8072DFB2C2DAE2900503E3F /* LocationErrorMessages.swift */; };
		F8072DFF2C2DAE7F00503E3F /* NetworkErrorMessages.swift in Sources */ = {isa = PBXBuildFile; fileRef = F8072DFE2C2DAE7F00503E3F /* NetworkErrorMessages.swift */; };
		F812D9812853B00200FC8223 /* DailyWeatherRaw.swift in Sources */ = {isa = PBXBuildFile; fileRef = F812D9802853B00200FC8223 /* DailyWeatherRaw.swift */; };
		F812D9832853D34500FC8223 /* UpcomingWeatherResource.swift in Sources */ = {isa = PBXBuildFile; fileRef = F812D9822853D34500FC8223 /* UpcomingWeatherResource.swift */; };
		F812D9892853DD5F00FC8223 /* WeatherView.swift in Sources */ = {isa = PBXBuildFile; fileRef = F812D9882853DD5F00FC8223 /* WeatherView.swift */; };
		F812D98B2853F24C00FC8223 /* DailyWeatherRow.swift in Sources */ = {isa = PBXBuildFile; fileRef = F812D98A2853F24C00FC8223 /* DailyWeatherRow.swift */; };
		F812D98D2853F4AD00FC8223 /* HourlyWeatherRow.swift in Sources */ = {isa = PBXBuildFile; fileRef = F812D98C2853F4AD00FC8223 /* HourlyWeatherRow.swift */; };
		F812D99128549C1600FC8223 /* PaneShadow.swift in Sources */ = {isa = PBXBuildFile; fileRef = F812D99028549C1600FC8223 /* PaneShadow.swift */; };
		F8164FCC2C32CB7500261EF8 /* Tag.swift in Sources */ = {isa = PBXBuildFile; fileRef = F8164FCB2C32CB7100261EF8 /* Tag.swift */; };
		F8164FCF2C32DD9600261EF8 /* HomeWeatherTests.swift in Sources */ = {isa = PBXBuildFile; fileRef = F8164FCE2C32DD8F00261EF8 /* HomeWeatherTests.swift */; };
		F8164FD32C32E00700261EF8 /* CurrentWeatherTests.swift in Sources */ = {isa = PBXBuildFile; fileRef = F8164FD22C32E00100261EF8 /* CurrentWeatherTests.swift */; };
		F8164FD52C32E32C00261EF8 /* HourlyWeatherTests.swift in Sources */ = {isa = PBXBuildFile; fileRef = F8164FD42C32E32700261EF8 /* HourlyWeatherTests.swift */; };
		F8164FD72C32EF9500261EF8 /* DailyWeatherTests.swift in Sources */ = {isa = PBXBuildFile; fileRef = F8164FD62C32EF9500261EF8 /* DailyWeatherTests.swift */; };
		F8164FDB2C34164300261EF8 /* APIResourceTests.swift in Sources */ = {isa = PBXBuildFile; fileRef = F8164FDA2C34160400261EF8 /* APIResourceTests.swift */; };
		F8164FDD2C34177600261EF8 /* WeatherServiceMocks.swift in Sources */ = {isa = PBXBuildFile; fileRef = F8164FDC2C34177100261EF8 /* WeatherServiceMocks.swift */; };
		F82C4A042A179D1F00CEA518 /* WeatherLabel.swift in Sources */ = {isa = PBXBuildFile; fileRef = F82C4A032A179D1F00CEA518 /* WeatherLabel.swift */; };
		F82C4A062A1B87D900CEA518 /* ErrorSymbol.swift in Sources */ = {isa = PBXBuildFile; fileRef = F82C4A052A1B87D900CEA518 /* ErrorSymbol.swift */; };
		F82C4A082A1B87F200CEA518 /* ErrorTitle.swift in Sources */ = {isa = PBXBuildFile; fileRef = F82C4A072A1B87F200CEA518 /* ErrorTitle.swift */; };
		F82C4A0A2A1B880200CEA518 /* ErrorDescription.swift in Sources */ = {isa = PBXBuildFile; fileRef = F82C4A092A1B880200CEA518 /* ErrorDescription.swift */; };
		F82C4A0C2A1B881400CEA518 /* ErrorButtonTitle.swift in Sources */ = {isa = PBXBuildFile; fileRef = F82C4A0B2A1B881400CEA518 /* ErrorButtonTitle.swift */; };
		F82C4A2B2A1CDF0F00CEA518 /* WeatherDescription.swift in Sources */ = {isa = PBXBuildFile; fileRef = F82C4A2A2A1CDF0F00CEA518 /* WeatherDescription.swift */; };
		F82DEAFA2A233AC000B2FB97 /* PlottableMeasurement.swift in Sources */ = {isa = PBXBuildFile; fileRef = F82DEAF92A233AC000B2FB97 /* PlottableMeasurement.swift */; };
		F82DEAFC2A24606100B2FB97 /* LocationDataSourceLocal.swift in Sources */ = {isa = PBXBuildFile; fileRef = F82DEAFB2A24606100B2FB97 /* LocationDataSourceLocal.swift */; };
		F83B0A26275CEC44001F4F3A /* ConditionsRaw.swift in Sources */ = {isa = PBXBuildFile; fileRef = F83B0A1A275CEC44001F4F3A /* ConditionsRaw.swift */; };
		F83B0A27275CEC44001F4F3A /* TemperatureRaw.swift in Sources */ = {isa = PBXBuildFile; fileRef = F83B0A1B275CEC44001F4F3A /* TemperatureRaw.swift */; };
		F83B0A28275CEC44001F4F3A /* CurrentWeatherRaw.swift in Sources */ = {isa = PBXBuildFile; fileRef = F83B0A1C275CEC44001F4F3A /* CurrentWeatherRaw.swift */; };
		F83B0A29275CEC44001F4F3A /* HourlyWeatherRaw.swift in Sources */ = {isa = PBXBuildFile; fileRef = F83B0A1E275CEC44001F4F3A /* HourlyWeatherRaw.swift */; };
		F83B0A2B275CEC44001F4F3A /* UpcomingWeatherRaw.swift in Sources */ = {isa = PBXBuildFile; fileRef = F83B0A20275CEC44001F4F3A /* UpcomingWeatherRaw.swift */; };
		F83B0A2C275CEC44001F4F3A /* WeatherDescriptionRaw.swift in Sources */ = {isa = PBXBuildFile; fileRef = F83B0A21275CEC44001F4F3A /* WeatherDescriptionRaw.swift */; };
		F84CEEF62B735DB3003D36AB /* DailyWeatherRawTests.swift in Sources */ = {isa = PBXBuildFile; fileRef = F84CEEF52B735DB3003D36AB /* DailyWeatherRawTests.swift */; };
		F84CEEF82B739EF3003D36AB /* WeatherDescriptionMocks.swift in Sources */ = {isa = PBXBuildFile; fileRef = F84CEEF72B739EF3003D36AB /* WeatherDescriptionMocks.swift */; };
		F855EDB12938D2F60034DDF7 /* DataAttributionView.swift in Sources */ = {isa = PBXBuildFile; fileRef = F855EDAC2938D2F40034DDF7 /* DataAttributionView.swift */; };
		F855EDB22938D2F60034DDF7 /* WeatherImage.swift in Sources */ = {isa = PBXBuildFile; fileRef = F855EDAD2938D2F50034DDF7 /* WeatherImage.swift */; };
		F855EDB32938D2F60034DDF7 /* PrimaryTemperatureView.swift in Sources */ = {isa = PBXBuildFile; fileRef = F855EDAE2938D2F50034DDF7 /* PrimaryTemperatureView.swift */; };
		F855EDB42938D2F60034DDF7 /* SecondaryTemperatureView.swift in Sources */ = {isa = PBXBuildFile; fileRef = F855EDAF2938D2F50034DDF7 /* SecondaryTemperatureView.swift */; };
		F855EDB52938D2F60034DDF7 /* TemperatureScalePicker.swift in Sources */ = {isa = PBXBuildFile; fileRef = F855EDB02938D2F50034DDF7 /* TemperatureScalePicker.swift */; };
		F85931EB2B72727600E3355E /* CurrentWeatherMocks.swift in Sources */ = {isa = PBXBuildFile; fileRef = F85931EA2B72727600E3355E /* CurrentWeatherMocks.swift */; };
		F85931EC2B72728500E3355E /* HourlyWeatherMocks.swift in Sources */ = {isa = PBXBuildFile; fileRef = F85931E62B7271A500E3355E /* HourlyWeatherMocks.swift */; };
		F85931EE2B7272B600E3355E /* DailyWeatherMocks.swift in Sources */ = {isa = PBXBuildFile; fileRef = F85931ED2B7272B600E3355E /* DailyWeatherMocks.swift */; };
		F85931F02B7272DA00E3355E /* HomeWeatherMocks.swift in Sources */ = {isa = PBXBuildFile; fileRef = F85931EF2B7272DA00E3355E /* HomeWeatherMocks.swift */; };
		F85C43292BA884B500EDBC74 /* ImperialWeatherUITests.swift in Sources */ = {isa = PBXBuildFile; fileRef = F85C43282BA884B500EDBC74 /* ImperialWeatherUITests.swift */; };
		F85C432B2BA884B500EDBC74 /* ImperialWeatherUITestsLaunchTests.swift in Sources */ = {isa = PBXBuildFile; fileRef = F85C432A2BA884B500EDBC74 /* ImperialWeatherUITestsLaunchTests.swift */; };
		F85C43322BA8851B00EDBC74 /* SnapshotHelper.swift in Sources */ = {isa = PBXBuildFile; fileRef = F85C43312BA8851B00EDBC74 /* SnapshotHelper.swift */; };
		F85FC0C02BA5622C0010A6D4 /* VerticalSeparator.swift in Sources */ = {isa = PBXBuildFile; fileRef = F85FC0BF2BA5622C0010A6D4 /* VerticalSeparator.swift */; };
		F85FC0C22BA563400010A6D4 /* HorizontalSeparator.swift in Sources */ = {isa = PBXBuildFile; fileRef = F85FC0C12BA563400010A6D4 /* HorizontalSeparator.swift */; };
		F860B2BC2A31E5C700F3C8D7 /* Application.swift in Sources */ = {isa = PBXBuildFile; fileRef = F860B2BB2A31E5C700F3C8D7 /* Application.swift */; };
		F860B2CC2A31E7CE00F3C8D7 /* ErrorMessage.strings in Resources */ = {isa = PBXBuildFile; fileRef = F860B2CA2A31E7CE00F3C8D7 /* ErrorMessage.strings */; };
		F860B2CF2A31E7CE00F3C8D7 /* InfoPlist.strings in Resources */ = {isa = PBXBuildFile; fileRef = F860B2CD2A31E7CE00F3C8D7 /* InfoPlist.strings */; };
		F860B2D22A31E7CE00F3C8D7 /* WeatherDescription.strings in Resources */ = {isa = PBXBuildFile; fileRef = F860B2D02A31E7CE00F3C8D7 /* WeatherDescription.strings */; };
		F860B2D52A31E7CE00F3C8D7 /* WeatherLabel.strings in Resources */ = {isa = PBXBuildFile; fileRef = F860B2D32A31E7CE00F3C8D7 /* WeatherLabel.strings */; };
		F867BC25275E0725001CBA62 /* ErrorView.swift in Sources */ = {isa = PBXBuildFile; fileRef = F867BC11275E0725001CBA62 /* ErrorView.swift */; };
		F867BC26275E0725001CBA62 /* HomeView.swift in Sources */ = {isa = PBXBuildFile; fileRef = F867BC12275E0725001CBA62 /* HomeView.swift */; };
		F867BC27275E0725001CBA62 /* HourlyWeatherView.swift in Sources */ = {isa = PBXBuildFile; fileRef = F867BC14275E0725001CBA62 /* HourlyWeatherView.swift */; };
		F867BC28275E0725001CBA62 /* DailyWeatherView.swift in Sources */ = {isa = PBXBuildFile; fileRef = F867BC15275E0725001CBA62 /* DailyWeatherView.swift */; };
		F867BC29275E0725001CBA62 /* CurrentWeatherView.swift in Sources */ = {isa = PBXBuildFile; fileRef = F867BC16275E0725001CBA62 /* CurrentWeatherView.swift */; };
		F867BC2D275E0725001CBA62 /* BackgroundView.swift in Sources */ = {isa = PBXBuildFile; fileRef = F867BC1B275E0725001CBA62 /* BackgroundView.swift */; };
		F8791BC52A49ABA100813C1E /* GetWeatherSource.swift in Sources */ = {isa = PBXBuildFile; fileRef = F8791BC42A49ABA100813C1E /* GetWeatherSource.swift */; };
		F8791BC92A49B47F00813C1E /* GetWeatherSourceImpl.swift in Sources */ = {isa = PBXBuildFile; fileRef = F8791BC82A49B47F00813C1E /* GetWeatherSourceImpl.swift */; };
		F8791BCE2A49BA0500813C1E /* WeatherRemoteDataGateway.swift in Sources */ = {isa = PBXBuildFile; fileRef = F8791BCD2A49BA0500813C1E /* WeatherRemoteDataGateway.swift */; };
		F8791BD02A49BA3100813C1E /* WeatherService.swift in Sources */ = {isa = PBXBuildFile; fileRef = F8791BCF2A49BA3100813C1E /* WeatherService.swift */; };
		F8791BD22A49BA4000813C1E /* WeatherServiceImpl.swift in Sources */ = {isa = PBXBuildFile; fileRef = F8791BD12A49BA4000813C1E /* WeatherServiceImpl.swift */; };
		F8791BD42A49C25F00813C1E /* HomeWeatherRaw.swift in Sources */ = {isa = PBXBuildFile; fileRef = F8791BD32A49C25F00813C1E /* HomeWeatherRaw.swift */; };
		F8791BD72A4A111000813C1E /* HomeWeatherLocationPlain.swift in Sources */ = {isa = PBXBuildFile; fileRef = F8791BD62A4A111000813C1E /* HomeWeatherLocationPlain.swift */; };
		F8791BD92A4A17A800813C1E /* LocationLocalDataGateway.swift in Sources */ = {isa = PBXBuildFile; fileRef = F8791BD82A4A17A800813C1E /* LocationLocalDataGateway.swift */; };
		F879EA162B73B09D009526C4 /* HourlyWeatherRawTests.swift in Sources */ = {isa = PBXBuildFile; fileRef = F879EA152B73B09D009526C4 /* HourlyWeatherRawTests.swift */; };
		F879EA182B73B0F8009526C4 /* CurrentWeatherRawTests.swift in Sources */ = {isa = PBXBuildFile; fileRef = F879EA172B73B0F8009526C4 /* CurrentWeatherRawTests.swift */; };
		F879EA1A2B73B247009526C4 /* WeatherDescriptionRawTests.swift in Sources */ = {isa = PBXBuildFile; fileRef = F879EA192B73B247009526C4 /* WeatherDescriptionRawTests.swift */; };
		F879EA1C2B73C348009526C4 /* HomeWeatherRawTests.swift in Sources */ = {isa = PBXBuildFile; fileRef = F879EA1B2B73C348009526C4 /* HomeWeatherRawTests.swift */; };
		F87E5C93267C9E950032949A /* ImperialWeatherApp.swift in Sources */ = {isa = PBXBuildFile; fileRef = F87E5C92267C9E950032949A /* ImperialWeatherApp.swift */; };
		F87E5C97267C9E960032949A /* Assets.xcassets in Resources */ = {isa = PBXBuildFile; fileRef = F87E5C96267C9E960032949A /* Assets.xcassets */; };
		F87E5C9A267C9E960032949A /* Preview Assets.xcassets in Resources */ = {isa = PBXBuildFile; fileRef = F87E5C99267C9E960032949A /* Preview Assets.xcassets */; };
		F87E5CB4267CA46C0032949A /* CurrentWeatherResource.swift in Sources */ = {isa = PBXBuildFile; fileRef = F87E5CB3267CA46C0032949A /* CurrentWeatherResource.swift */; };
		F87E5CB8267CA53B0032949A /* HomeViewModel.swift in Sources */ = {isa = PBXBuildFile; fileRef = F87E5CB7267CA53B0032949A /* HomeViewModel.swift */; };
		F87FB917269728BB00E38184 /* HomeState.swift in Sources */ = {isa = PBXBuildFile; fileRef = F87FB916269728BB00E38184 /* HomeState.swift */; };
		F88804762C3FDF7A005637F9 /* APIClient.swift in Sources */ = {isa = PBXBuildFile; fileRef = F88804752C3FDF6C005637F9 /* APIClient.swift */; };
		F888047C2C402762005637F9 /* MockURLProtocol.swift in Sources */ = {isa = PBXBuildFile; fileRef = F888047B2C40275B005637F9 /* MockURLProtocol.swift */; };
		F888047E2C4027C6005637F9 /* APIClientTests.swift in Sources */ = {isa = PBXBuildFile; fileRef = F888047D2C4027C2005637F9 /* APIClientTests.swift */; };
		F88DC0B2299655C80029E1F4 /* SwiftUINavigation in Frameworks */ = {isa = PBXBuildFile; productRef = F88DC0B1299655C80029E1F4 /* SwiftUINavigation */; };
		F89722372C41342200C66322 /* MockRequest.swift in Sources */ = {isa = PBXBuildFile; fileRef = F89722362C41341900C66322 /* MockRequest.swift */; };
		F897EE2E28E64BA300A9C504 /* ErrorMessage.swift in Sources */ = {isa = PBXBuildFile; fileRef = F897EE2D28E64BA300A9C504 /* ErrorMessage.swift */; };
		F897EE3228E7014400A9C504 /* APIResource.swift in Sources */ = {isa = PBXBuildFile; fileRef = F897EE3128E7014400A9C504 /* APIResource.swift */; };
		F897EE3428E728CF00A9C504 /* NetworkRequest.swift in Sources */ = {isa = PBXBuildFile; fileRef = F897EE3328E728CF00A9C504 /* NetworkRequest.swift */; };
		F897EE3628E728E300A9C504 /* APIRequest.swift in Sources */ = {isa = PBXBuildFile; fileRef = F897EE3528E728E300A9C504 /* APIRequest.swift */; };
		F8A00F302AB08D8C00C3A642 /* CurrentWeatherPlain.swift in Sources */ = {isa = PBXBuildFile; fileRef = F8A00F2F2AB08D8C00C3A642 /* CurrentWeatherPlain.swift */; };
		F8A45FC026ECEC5900C34631 /* WeatherSymbol.swift in Sources */ = {isa = PBXBuildFile; fileRef = F8A45FBF26ECEC5900C34631 /* WeatherSymbol.swift */; };
		F8ABC7BE28EC680F00475BF3 /* WeatherDetailView.swift in Sources */ = {isa = PBXBuildFile; fileRef = F8ABC7BD28EC680F00475BF3 /* WeatherDetailView.swift */; };
		F8ABC7C028ED7DBC00475BF3 /* TemperatureChartView.swift in Sources */ = {isa = PBXBuildFile; fileRef = F8ABC7BF28ED7DBC00475BF3 /* TemperatureChartView.swift */; };
		F8C6964F2C37C1F900FC1816 /* MockLocationService.swift in Sources */ = {isa = PBXBuildFile; fileRef = F8C6964E2C37C1EF00FC1816 /* MockLocationService.swift */; };
		F8C696512C38021A00FC1816 /* NetworkErrorTests.swift in Sources */ = {isa = PBXBuildFile; fileRef = F8C696502C38021000FC1816 /* NetworkErrorTests.swift */; };
		F8C696532C38040C00FC1816 /* LocationErrorTests.swift in Sources */ = {isa = PBXBuildFile; fileRef = F8C696522C38040800FC1816 /* LocationErrorTests.swift */; };
		F8C696552C39130F00FC1816 /* TemperatureScaleTests.swift in Sources */ = {isa = PBXBuildFile; fileRef = F8C696542C39130700FC1816 /* TemperatureScaleTests.swift */; };
		F8C696572C39153800FC1816 /* HomeStateTests.swift in Sources */ = {isa = PBXBuildFile; fileRef = F8C696562C39153500FC1816 /* HomeStateTests.swift */; };
		F8C696592C39198A00FC1816 /* PlottableMeasurementTests.swift in Sources */ = {isa = PBXBuildFile; fileRef = F8C696582C39198000FC1816 /* PlottableMeasurementTests.swift */; };
		F8C6965D2C39969F00FC1816 /* FormattingTests.swift in Sources */ = {isa = PBXBuildFile; fileRef = F8C6965C2C39969C00FC1816 /* FormattingTests.swift */; };
		F8CC98792A2F4EFD006C83DA /* LocationError.swift in Sources */ = {isa = PBXBuildFile; fileRef = F8CC98782A2F4EFD006C83DA /* LocationError.swift */; };
		F8CC987B2A2F4F1D006C83DA /* WeatherDataSourceRemote.swift in Sources */ = {isa = PBXBuildFile; fileRef = F8CC987A2A2F4F1D006C83DA /* WeatherDataSourceRemote.swift */; };
		F8CEA31F268B69FF0070DEE0 /* Formatting.swift in Sources */ = {isa = PBXBuildFile; fileRef = F8CEA31E268B69FF0070DEE0 /* Formatting.swift */; };
		F8D94ACE29953A4600808209 /* IconAndTemperatureView.swift in Sources */ = {isa = PBXBuildFile; fileRef = F8D94ACD29953A4600808209 /* IconAndTemperatureView.swift */; };
		F8DB82BD269EDEAF00B3936B /* NetworkError.swift in Sources */ = {isa = PBXBuildFile; fileRef = F8DB82BC269EDEAF00B3936B /* NetworkError.swift */; };
		F8DE25E72C36A85E0086BCD5 /* APIRequestTests.swift in Sources */ = {isa = PBXBuildFile; fileRef = F8DE25E62C36A85E0086BCD5 /* APIRequestTests.swift */; };
		F8DE25EA2C36AC660086BCD5 /* validCurrentWeatherMock.json in Resources */ = {isa = PBXBuildFile; fileRef = F8DE25E82C36AC660086BCD5 /* validCurrentWeatherMock.json */; };
		F8DE25EB2C36AC660086BCD5 /* validUpcomingWeatherMock.json in Resources */ = {isa = PBXBuildFile; fileRef = F8DE25E92C36AC660086BCD5 /* validUpcomingWeatherMock.json */; };
		F8DE25EF2C36AE1F0086BCD5 /* HomeViewModelTests.swift in Sources */ = {isa = PBXBuildFile; fileRef = F8DE25EE2C36AE190086BCD5 /* HomeViewModelTests.swift */; };
		F8DE25F12C36DB2F0086BCD5 /* MockWeatherSource.swift in Sources */ = {isa = PBXBuildFile; fileRef = F8DE25F02C36DB2B0086BCD5 /* MockWeatherSource.swift */; };
		F8DE25F32C36DBDE0086BCD5 /* MockWeatherError.swift in Sources */ = {isa = PBXBuildFile; fileRef = F8DE25F22C36DBDC0086BCD5 /* MockWeatherError.swift */; };
		F8DE25F52C36DC6E0086BCD5 /* WeatherError.swift in Sources */ = {isa = PBXBuildFile; fileRef = F8DE25F42C36DC690086BCD5 /* WeatherError.swift */; };
		F8DE25F72C36E63B0086BCD5 /* WeatherRemoteDataGatewayTests.swift in Sources */ = {isa = PBXBuildFile; fileRef = F8DE25F62C36E62E0086BCD5 /* WeatherRemoteDataGatewayTests.swift */; };
		F8DE25F92C36E7B90086BCD5 /* MockWeatherService.swift in Sources */ = {isa = PBXBuildFile; fileRef = F8DE25F82C36E7B60086BCD5 /* MockWeatherService.swift */; };
		F8DE25FB2C36E8D50086BCD5 /* NetworkErrorMessageTests.swift in Sources */ = {isa = PBXBuildFile; fileRef = F8DE25FA2C36E8CA0086BCD5 /* NetworkErrorMessageTests.swift */; };
		F8DE25FD2C36EB780086BCD5 /* LocationErrorMessageTests.swift in Sources */ = {isa = PBXBuildFile; fileRef = F8DE25FC2C36EB720086BCD5 /* LocationErrorMessageTests.swift */; };
		F8DE25FF2C37142F0086BCD5 /* LocationLocalDataGatewayTests.swift in Sources */ = {isa = PBXBuildFile; fileRef = F8DE25FE2C3714280086BCD5 /* LocationLocalDataGatewayTests.swift */; };
		F8DE26012C3718170086BCD5 /* GetWeatherSourceImplTests.swift in Sources */ = {isa = PBXBuildFile; fileRef = F8DE26002C37180F0086BCD5 /* GetWeatherSourceImplTests.swift */; };
		F8DE26032C371A4C0086BCD5 /* MockWeatherRemoteDataGateway.swift in Sources */ = {isa = PBXBuildFile; fileRef = F8DE26022C371A470086BCD5 /* MockWeatherRemoteDataGateway.swift */; };
		F8DE26052C371A750086BCD5 /* MockLocationLocalDataGateway.swift in Sources */ = {isa = PBXBuildFile; fileRef = F8DE26042C371A6C0086BCD5 /* MockLocationLocalDataGateway.swift */; };
		F8DE26072C3726D90086BCD5 /* GetWeatherTests.swift in Sources */ = {isa = PBXBuildFile; fileRef = F8DE26062C3726D40086BCD5 /* GetWeatherTests.swift */; };
		F8EB4CA829364AAD00BAE881 /* CurrentWeatherPreviews.swift in Sources */ = {isa = PBXBuildFile; fileRef = F8EB4CA729364AAD00BAE881 /* CurrentWeatherPreviews.swift */; };
		F8EB4CAE29364AF000BAE881 /* HourlyWeatherPreviews.swift in Sources */ = {isa = PBXBuildFile; fileRef = F8EB4CAD29364AF000BAE881 /* HourlyWeatherPreviews.swift */; };
		F8EB4CB029364B0000BAE881 /* DailyWeatherPreviews.swift in Sources */ = {isa = PBXBuildFile; fileRef = F8EB4CAF29364B0000BAE881 /* DailyWeatherPreviews.swift */; };
		F8EB4CB42936609D00BAE881 /* CurrentWeather.swift in Sources */ = {isa = PBXBuildFile; fileRef = F8EB4CB32936609D00BAE881 /* CurrentWeather.swift */; };
		F8EB4CB6293660E000BAE881 /* DailyWeather.swift in Sources */ = {isa = PBXBuildFile; fileRef = F8EB4CB5293660E000BAE881 /* DailyWeather.swift */; };
		F8EB4CB8293661C700BAE881 /* HourlyWeather.swift in Sources */ = {isa = PBXBuildFile; fileRef = F8EB4CB7293661C700BAE881 /* HourlyWeather.swift */; };
		F8EB4CBF2936A81E00BAE881 /* HourlyWeatherPlain.swift in Sources */ = {isa = PBXBuildFile; fileRef = F8EB4CBE2936A81E00BAE881 /* HourlyWeatherPlain.swift */; };
		F8EB4CC12936A83A00BAE881 /* DailyWeatherPlain.swift in Sources */ = {isa = PBXBuildFile; fileRef = F8EB4CC02936A83A00BAE881 /* DailyWeatherPlain.swift */; };
		F8EB4CCA29377E4F00BAE881 /* UpcomingWeatherPlain.swift in Sources */ = {isa = PBXBuildFile; fileRef = F8EB4CC929377E4F00BAE881 /* UpcomingWeatherPlain.swift */; };
		F8EB4CCC2937838B00BAE881 /* HomeWeather.swift in Sources */ = {isa = PBXBuildFile; fileRef = F8EB4CCB2937838B00BAE881 /* HomeWeather.swift */; };
		F8EB4CCF2937856500BAE881 /* GetWeather.swift in Sources */ = {isa = PBXBuildFile; fileRef = F8EB4CCE2937856500BAE881 /* GetWeather.swift */; };
		F8EB4CD129378E7300BAE881 /* HomeWeatherPlain.swift in Sources */ = {isa = PBXBuildFile; fileRef = F8EB4CD029378E7300BAE881 /* HomeWeatherPlain.swift */; };
		F8EB4CDB2938B5C800BAE881 /* HomeWeatherPreviews.swift in Sources */ = {isa = PBXBuildFile; fileRef = F8EB4CDA2938B5C800BAE881 /* HomeWeatherPreviews.swift */; };
		F8EDEF6626F0CB68008CB9A7 /* TemperatureScale.swift in Sources */ = {isa = PBXBuildFile; fileRef = F8EDEF6526F0CB68008CB9A7 /* TemperatureScale.swift */; };
		F8F622312B83F7C100B91BEB /* CalendarWeekView.swift in Sources */ = {isa = PBXBuildFile; fileRef = F8F622302B83F7C100B91BEB /* CalendarWeekView.swift */; };
		F8F622332B83FC4E00B91BEB /* CalendarDayView.swift in Sources */ = {isa = PBXBuildFile; fileRef = F8F622322B83FC4E00B91BEB /* CalendarDayView.swift */; };
/* End PBXBuildFile section */

/* Begin PBXContainerItemProxy section */
		F85931D82B72693400E3355E /* PBXContainerItemProxy */ = {
			isa = PBXContainerItemProxy;
			containerPortal = F87E5C87267C9E950032949A /* Project object */;
			proxyType = 1;
			remoteGlobalIDString = F87E5C8E267C9E950032949A;
			remoteInfo = ImperialWeather;
		};
		F85C432C2BA884B500EDBC74 /* PBXContainerItemProxy */ = {
			isa = PBXContainerItemProxy;
			containerPortal = F87E5C87267C9E950032949A /* Project object */;
			proxyType = 1;
			remoteGlobalIDString = F87E5C8E267C9E950032949A;
			remoteInfo = ImperialWeather;
		};
/* End PBXContainerItemProxy section */

/* Begin PBXFileReference section */
		F800ABEB2693B44E00060ACF /* PaneBackground.swift */ = {isa = PBXFileReference; lastKnownFileType = sourcecode.swift; path = PaneBackground.swift; sourceTree = "<group>"; };
		F801E3C62B7FC9A8005E821A /* Date.swift */ = {isa = PBXFileReference; lastKnownFileType = sourcecode.swift; path = Date.swift; sourceTree = "<group>"; };
		F8072DF52C2C2F7E00503E3F /* HomeIntent.swift */ = {isa = PBXFileReference; lastKnownFileType = sourcecode.swift; path = HomeIntent.swift; sourceTree = "<group>"; };
		F8072DF72C2C9A2900503E3F /* LocationService.swift */ = {isa = PBXFileReference; lastKnownFileType = sourcecode.swift; path = LocationService.swift; sourceTree = "<group>"; };
		F8072DF92C2C9BA000503E3F /* LocationServiceImpl.swift */ = {isa = PBXFileReference; lastKnownFileType = sourcecode.swift; path = LocationServiceImpl.swift; sourceTree = "<group>"; };
		F8072DFB2C2DAE2900503E3F /* LocationErrorMessages.swift */ = {isa = PBXFileReference; lastKnownFileType = sourcecode.swift; path = LocationErrorMessages.swift; sourceTree = "<group>"; };
		F8072DFE2C2DAE7F00503E3F /* NetworkErrorMessages.swift */ = {isa = PBXFileReference; lastKnownFileType = sourcecode.swift; path = NetworkErrorMessages.swift; sourceTree = "<group>"; };
		F812D9802853B00200FC8223 /* DailyWeatherRaw.swift */ = {isa = PBXFileReference; lastKnownFileType = sourcecode.swift; path = DailyWeatherRaw.swift; sourceTree = "<group>"; };
		F812D9822853D34500FC8223 /* UpcomingWeatherResource.swift */ = {isa = PBXFileReference; lastKnownFileType = sourcecode.swift; path = UpcomingWeatherResource.swift; sourceTree = "<group>"; };
		F812D9882853DD5F00FC8223 /* WeatherView.swift */ = {isa = PBXFileReference; lastKnownFileType = sourcecode.swift; path = WeatherView.swift; sourceTree = "<group>"; };
		F812D98A2853F24C00FC8223 /* DailyWeatherRow.swift */ = {isa = PBXFileReference; lastKnownFileType = sourcecode.swift; path = DailyWeatherRow.swift; sourceTree = "<group>"; };
		F812D98C2853F4AD00FC8223 /* HourlyWeatherRow.swift */ = {isa = PBXFileReference; lastKnownFileType = sourcecode.swift; path = HourlyWeatherRow.swift; sourceTree = "<group>"; };
		F812D99028549C1600FC8223 /* PaneShadow.swift */ = {isa = PBXFileReference; lastKnownFileType = sourcecode.swift; path = PaneShadow.swift; sourceTree = "<group>"; };
		F8164FCB2C32CB7100261EF8 /* Tag.swift */ = {isa = PBXFileReference; lastKnownFileType = sourcecode.swift; path = Tag.swift; sourceTree = "<group>"; };
		F8164FCE2C32DD8F00261EF8 /* HomeWeatherTests.swift */ = {isa = PBXFileReference; lastKnownFileType = sourcecode.swift; path = HomeWeatherTests.swift; sourceTree = "<group>"; };
		F8164FD22C32E00100261EF8 /* CurrentWeatherTests.swift */ = {isa = PBXFileReference; lastKnownFileType = sourcecode.swift; path = CurrentWeatherTests.swift; sourceTree = "<group>"; };
		F8164FD42C32E32700261EF8 /* HourlyWeatherTests.swift */ = {isa = PBXFileReference; lastKnownFileType = sourcecode.swift; path = HourlyWeatherTests.swift; sourceTree = "<group>"; };
		F8164FD62C32EF9500261EF8 /* DailyWeatherTests.swift */ = {isa = PBXFileReference; lastKnownFileType = sourcecode.swift; path = DailyWeatherTests.swift; sourceTree = "<group>"; };
		F8164FDA2C34160400261EF8 /* APIResourceTests.swift */ = {isa = PBXFileReference; lastKnownFileType = sourcecode.swift; path = APIResourceTests.swift; sourceTree = "<group>"; };
		F8164FDC2C34177100261EF8 /* WeatherServiceMocks.swift */ = {isa = PBXFileReference; lastKnownFileType = sourcecode.swift; path = WeatherServiceMocks.swift; sourceTree = "<group>"; };
		F82C4A032A179D1F00CEA518 /* WeatherLabel.swift */ = {isa = PBXFileReference; lastKnownFileType = sourcecode.swift; path = WeatherLabel.swift; sourceTree = "<group>"; };
		F82C4A052A1B87D900CEA518 /* ErrorSymbol.swift */ = {isa = PBXFileReference; lastKnownFileType = sourcecode.swift; path = ErrorSymbol.swift; sourceTree = "<group>"; };
		F82C4A072A1B87F200CEA518 /* ErrorTitle.swift */ = {isa = PBXFileReference; lastKnownFileType = sourcecode.swift; path = ErrorTitle.swift; sourceTree = "<group>"; };
		F82C4A092A1B880200CEA518 /* ErrorDescription.swift */ = {isa = PBXFileReference; lastKnownFileType = sourcecode.swift; path = ErrorDescription.swift; sourceTree = "<group>"; };
		F82C4A0B2A1B881400CEA518 /* ErrorButtonTitle.swift */ = {isa = PBXFileReference; lastKnownFileType = sourcecode.swift; path = ErrorButtonTitle.swift; sourceTree = "<group>"; };
		F82C4A2A2A1CDF0F00CEA518 /* WeatherDescription.swift */ = {isa = PBXFileReference; lastKnownFileType = sourcecode.swift; path = WeatherDescription.swift; sourceTree = "<group>"; };
		F82DEAF92A233AC000B2FB97 /* PlottableMeasurement.swift */ = {isa = PBXFileReference; lastKnownFileType = sourcecode.swift; path = PlottableMeasurement.swift; sourceTree = "<group>"; };
		F82DEAFB2A24606100B2FB97 /* LocationDataSourceLocal.swift */ = {isa = PBXFileReference; lastKnownFileType = sourcecode.swift; path = LocationDataSourceLocal.swift; sourceTree = "<group>"; };
		F83B0A1A275CEC44001F4F3A /* ConditionsRaw.swift */ = {isa = PBXFileReference; fileEncoding = 4; lastKnownFileType = sourcecode.swift; path = ConditionsRaw.swift; sourceTree = "<group>"; };
		F83B0A1B275CEC44001F4F3A /* TemperatureRaw.swift */ = {isa = PBXFileReference; fileEncoding = 4; lastKnownFileType = sourcecode.swift; path = TemperatureRaw.swift; sourceTree = "<group>"; };
		F83B0A1C275CEC44001F4F3A /* CurrentWeatherRaw.swift */ = {isa = PBXFileReference; fileEncoding = 4; lastKnownFileType = sourcecode.swift; path = CurrentWeatherRaw.swift; sourceTree = "<group>"; };
		F83B0A1E275CEC44001F4F3A /* HourlyWeatherRaw.swift */ = {isa = PBXFileReference; fileEncoding = 4; lastKnownFileType = sourcecode.swift; path = HourlyWeatherRaw.swift; sourceTree = "<group>"; };
		F83B0A20275CEC44001F4F3A /* UpcomingWeatherRaw.swift */ = {isa = PBXFileReference; fileEncoding = 4; lastKnownFileType = sourcecode.swift; path = UpcomingWeatherRaw.swift; sourceTree = "<group>"; };
		F83B0A21275CEC44001F4F3A /* WeatherDescriptionRaw.swift */ = {isa = PBXFileReference; fileEncoding = 4; lastKnownFileType = sourcecode.swift; path = WeatherDescriptionRaw.swift; sourceTree = "<group>"; };
		F84CEEF52B735DB3003D36AB /* DailyWeatherRawTests.swift */ = {isa = PBXFileReference; lastKnownFileType = sourcecode.swift; path = DailyWeatherRawTests.swift; sourceTree = "<group>"; };
		F84CEEF72B739EF3003D36AB /* WeatherDescriptionMocks.swift */ = {isa = PBXFileReference; lastKnownFileType = sourcecode.swift; path = WeatherDescriptionMocks.swift; sourceTree = "<group>"; };
		F855EDAC2938D2F40034DDF7 /* DataAttributionView.swift */ = {isa = PBXFileReference; fileEncoding = 4; lastKnownFileType = sourcecode.swift; path = DataAttributionView.swift; sourceTree = "<group>"; };
		F855EDAD2938D2F50034DDF7 /* WeatherImage.swift */ = {isa = PBXFileReference; fileEncoding = 4; lastKnownFileType = sourcecode.swift; path = WeatherImage.swift; sourceTree = "<group>"; };
		F855EDAE2938D2F50034DDF7 /* PrimaryTemperatureView.swift */ = {isa = PBXFileReference; fileEncoding = 4; lastKnownFileType = sourcecode.swift; path = PrimaryTemperatureView.swift; sourceTree = "<group>"; };
		F855EDAF2938D2F50034DDF7 /* SecondaryTemperatureView.swift */ = {isa = PBXFileReference; fileEncoding = 4; lastKnownFileType = sourcecode.swift; path = SecondaryTemperatureView.swift; sourceTree = "<group>"; };
		F855EDB02938D2F50034DDF7 /* TemperatureScalePicker.swift */ = {isa = PBXFileReference; fileEncoding = 4; lastKnownFileType = sourcecode.swift; path = TemperatureScalePicker.swift; sourceTree = "<group>"; };
		F85931D42B72693400E3355E /* ImperialWeatherTests.xctest */ = {isa = PBXFileReference; explicitFileType = wrapper.cfbundle; includeInIndex = 0; path = ImperialWeatherTests.xctest; sourceTree = BUILT_PRODUCTS_DIR; };
		F85931E62B7271A500E3355E /* HourlyWeatherMocks.swift */ = {isa = PBXFileReference; lastKnownFileType = sourcecode.swift; path = HourlyWeatherMocks.swift; sourceTree = "<group>"; };
		F85931EA2B72727600E3355E /* CurrentWeatherMocks.swift */ = {isa = PBXFileReference; lastKnownFileType = sourcecode.swift; path = CurrentWeatherMocks.swift; sourceTree = "<group>"; };
		F85931ED2B7272B600E3355E /* DailyWeatherMocks.swift */ = {isa = PBXFileReference; lastKnownFileType = sourcecode.swift; path = DailyWeatherMocks.swift; sourceTree = "<group>"; };
		F85931EF2B7272DA00E3355E /* HomeWeatherMocks.swift */ = {isa = PBXFileReference; lastKnownFileType = sourcecode.swift; path = HomeWeatherMocks.swift; sourceTree = "<group>"; };
		F85C43262BA884B500EDBC74 /* ImperialWeatherUITests.xctest */ = {isa = PBXFileReference; explicitFileType = wrapper.cfbundle; includeInIndex = 0; path = ImperialWeatherUITests.xctest; sourceTree = BUILT_PRODUCTS_DIR; };
		F85C43282BA884B500EDBC74 /* ImperialWeatherUITests.swift */ = {isa = PBXFileReference; lastKnownFileType = sourcecode.swift; path = ImperialWeatherUITests.swift; sourceTree = "<group>"; };
		F85C432A2BA884B500EDBC74 /* ImperialWeatherUITestsLaunchTests.swift */ = {isa = PBXFileReference; lastKnownFileType = sourcecode.swift; path = ImperialWeatherUITestsLaunchTests.swift; sourceTree = "<group>"; };
		F85C43312BA8851B00EDBC74 /* SnapshotHelper.swift */ = {isa = PBXFileReference; fileEncoding = 4; lastKnownFileType = sourcecode.swift; name = SnapshotHelper.swift; path = fastlane/SnapshotHelper.swift; sourceTree = SOURCE_ROOT; };
		F85FC0BF2BA5622C0010A6D4 /* VerticalSeparator.swift */ = {isa = PBXFileReference; lastKnownFileType = sourcecode.swift; path = VerticalSeparator.swift; sourceTree = "<group>"; };
		F85FC0C12BA563400010A6D4 /* HorizontalSeparator.swift */ = {isa = PBXFileReference; lastKnownFileType = sourcecode.swift; path = HorizontalSeparator.swift; sourceTree = "<group>"; };
		F860B2BB2A31E5C700F3C8D7 /* Application.swift */ = {isa = PBXFileReference; fileEncoding = 4; lastKnownFileType = sourcecode.swift; path = Application.swift; sourceTree = "<group>"; };
		F860B2DB2A31ECA600F3C8D7 /* en */ = {isa = PBXFileReference; lastKnownFileType = text.plist.strings; name = en; path = en.lproj/WeatherLabel.strings; sourceTree = "<group>"; };
		F860B2DC2A31ECE000F3C8D7 /* en */ = {isa = PBXFileReference; lastKnownFileType = text.plist.strings; name = en; path = en.lproj/WeatherDescription.strings; sourceTree = "<group>"; };
		F860B2DD2A31ED2400F3C8D7 /* en */ = {isa = PBXFileReference; lastKnownFileType = text.plist.strings; name = en; path = en.lproj/InfoPlist.strings; sourceTree = "<group>"; };
		F860B2DE2A31ED4400F3C8D7 /* en */ = {isa = PBXFileReference; lastKnownFileType = text.plist.strings; name = en; path = en.lproj/ErrorMessage.strings; sourceTree = "<group>"; };
		F860B2E02A31EE4E00F3C8D7 /* es */ = {isa = PBXFileReference; lastKnownFileType = text.plist.strings; name = es; path = es.lproj/WeatherLabel.strings; sourceTree = "<group>"; };
		F860B2E12A31EE5A00F3C8D7 /* es */ = {isa = PBXFileReference; lastKnownFileType = text.plist.strings; name = es; path = es.lproj/WeatherDescription.strings; sourceTree = "<group>"; };
		F860B2E22A31EE6100F3C8D7 /* es */ = {isa = PBXFileReference; lastKnownFileType = text.plist.strings; name = es; path = es.lproj/InfoPlist.strings; sourceTree = "<group>"; };
		F860B2E32A31EE6900F3C8D7 /* es */ = {isa = PBXFileReference; lastKnownFileType = text.plist.strings; name = es; path = es.lproj/ErrorMessage.strings; sourceTree = "<group>"; };
		F867BC11275E0725001CBA62 /* ErrorView.swift */ = {isa = PBXFileReference; fileEncoding = 4; lastKnownFileType = sourcecode.swift; path = ErrorView.swift; sourceTree = "<group>"; };
		F867BC12275E0725001CBA62 /* HomeView.swift */ = {isa = PBXFileReference; fileEncoding = 4; lastKnownFileType = sourcecode.swift; path = HomeView.swift; sourceTree = "<group>"; };
		F867BC14275E0725001CBA62 /* HourlyWeatherView.swift */ = {isa = PBXFileReference; fileEncoding = 4; lastKnownFileType = sourcecode.swift; path = HourlyWeatherView.swift; sourceTree = "<group>"; };
		F867BC15275E0725001CBA62 /* DailyWeatherView.swift */ = {isa = PBXFileReference; fileEncoding = 4; lastKnownFileType = sourcecode.swift; path = DailyWeatherView.swift; sourceTree = "<group>"; };
		F867BC16275E0725001CBA62 /* CurrentWeatherView.swift */ = {isa = PBXFileReference; fileEncoding = 4; lastKnownFileType = sourcecode.swift; path = CurrentWeatherView.swift; sourceTree = "<group>"; };
		F867BC1B275E0725001CBA62 /* BackgroundView.swift */ = {isa = PBXFileReference; fileEncoding = 4; lastKnownFileType = sourcecode.swift; path = BackgroundView.swift; sourceTree = "<group>"; };
		F8791BC42A49ABA100813C1E /* GetWeatherSource.swift */ = {isa = PBXFileReference; lastKnownFileType = sourcecode.swift; path = GetWeatherSource.swift; sourceTree = "<group>"; };
		F8791BC82A49B47F00813C1E /* GetWeatherSourceImpl.swift */ = {isa = PBXFileReference; lastKnownFileType = sourcecode.swift; path = GetWeatherSourceImpl.swift; sourceTree = "<group>"; };
		F8791BCD2A49BA0500813C1E /* WeatherRemoteDataGateway.swift */ = {isa = PBXFileReference; lastKnownFileType = sourcecode.swift; path = WeatherRemoteDataGateway.swift; sourceTree = "<group>"; };
		F8791BCF2A49BA3100813C1E /* WeatherService.swift */ = {isa = PBXFileReference; lastKnownFileType = sourcecode.swift; path = WeatherService.swift; sourceTree = "<group>"; };
		F8791BD12A49BA4000813C1E /* WeatherServiceImpl.swift */ = {isa = PBXFileReference; lastKnownFileType = sourcecode.swift; path = WeatherServiceImpl.swift; sourceTree = "<group>"; };
		F8791BD32A49C25F00813C1E /* HomeWeatherRaw.swift */ = {isa = PBXFileReference; lastKnownFileType = sourcecode.swift; path = HomeWeatherRaw.swift; sourceTree = "<group>"; };
		F8791BD62A4A111000813C1E /* HomeWeatherLocationPlain.swift */ = {isa = PBXFileReference; lastKnownFileType = sourcecode.swift; path = HomeWeatherLocationPlain.swift; sourceTree = "<group>"; };
		F8791BD82A4A17A800813C1E /* LocationLocalDataGateway.swift */ = {isa = PBXFileReference; lastKnownFileType = sourcecode.swift; path = LocationLocalDataGateway.swift; sourceTree = "<group>"; };
		F879EA152B73B09D009526C4 /* HourlyWeatherRawTests.swift */ = {isa = PBXFileReference; lastKnownFileType = sourcecode.swift; path = HourlyWeatherRawTests.swift; sourceTree = "<group>"; };
		F879EA172B73B0F8009526C4 /* CurrentWeatherRawTests.swift */ = {isa = PBXFileReference; lastKnownFileType = sourcecode.swift; path = CurrentWeatherRawTests.swift; sourceTree = "<group>"; };
		F879EA192B73B247009526C4 /* WeatherDescriptionRawTests.swift */ = {isa = PBXFileReference; lastKnownFileType = sourcecode.swift; path = WeatherDescriptionRawTests.swift; sourceTree = "<group>"; };
		F879EA1B2B73C348009526C4 /* HomeWeatherRawTests.swift */ = {isa = PBXFileReference; lastKnownFileType = sourcecode.swift; path = HomeWeatherRawTests.swift; sourceTree = "<group>"; };
		F87E5C8F267C9E950032949A /* ImperialWeather.app */ = {isa = PBXFileReference; explicitFileType = wrapper.application; includeInIndex = 0; path = ImperialWeather.app; sourceTree = BUILT_PRODUCTS_DIR; };
		F87E5C92267C9E950032949A /* ImperialWeatherApp.swift */ = {isa = PBXFileReference; lastKnownFileType = sourcecode.swift; path = ImperialWeatherApp.swift; sourceTree = "<group>"; };
		F87E5C96267C9E960032949A /* Assets.xcassets */ = {isa = PBXFileReference; lastKnownFileType = folder.assetcatalog; path = Assets.xcassets; sourceTree = "<group>"; };
		F87E5C99267C9E960032949A /* Preview Assets.xcassets */ = {isa = PBXFileReference; lastKnownFileType = folder.assetcatalog; path = "Preview Assets.xcassets"; sourceTree = "<group>"; };
		F87E5C9B267C9E960032949A /* Info.plist */ = {isa = PBXFileReference; lastKnownFileType = text.plist.xml; path = Info.plist; sourceTree = "<group>"; };
		F87E5CB3267CA46C0032949A /* CurrentWeatherResource.swift */ = {isa = PBXFileReference; lastKnownFileType = sourcecode.swift; path = CurrentWeatherResource.swift; sourceTree = "<group>"; };
		F87E5CB7267CA53B0032949A /* HomeViewModel.swift */ = {isa = PBXFileReference; lastKnownFileType = sourcecode.swift; path = HomeViewModel.swift; sourceTree = "<group>"; };
		F87FB916269728BB00E38184 /* HomeState.swift */ = {isa = PBXFileReference; lastKnownFileType = sourcecode.swift; path = HomeState.swift; sourceTree = "<group>"; };
		F88804752C3FDF6C005637F9 /* APIClient.swift */ = {isa = PBXFileReference; lastKnownFileType = sourcecode.swift; path = APIClient.swift; sourceTree = "<group>"; };
		F888047B2C40275B005637F9 /* MockURLProtocol.swift */ = {isa = PBXFileReference; lastKnownFileType = sourcecode.swift; path = MockURLProtocol.swift; sourceTree = "<group>"; };
		F888047D2C4027C2005637F9 /* APIClientTests.swift */ = {isa = PBXFileReference; lastKnownFileType = sourcecode.swift; path = APIClientTests.swift; sourceTree = "<group>"; };
		F89722362C41341900C66322 /* MockRequest.swift */ = {isa = PBXFileReference; lastKnownFileType = sourcecode.swift; path = MockRequest.swift; sourceTree = "<group>"; };
		F897EE2D28E64BA300A9C504 /* ErrorMessage.swift */ = {isa = PBXFileReference; lastKnownFileType = sourcecode.swift; path = ErrorMessage.swift; sourceTree = "<group>"; };
		F897EE3128E7014400A9C504 /* APIResource.swift */ = {isa = PBXFileReference; fileEncoding = 4; lastKnownFileType = sourcecode.swift; path = APIResource.swift; sourceTree = "<group>"; };
		F897EE3328E728CF00A9C504 /* NetworkRequest.swift */ = {isa = PBXFileReference; lastKnownFileType = sourcecode.swift; path = NetworkRequest.swift; sourceTree = "<group>"; };
		F897EE3528E728E300A9C504 /* APIRequest.swift */ = {isa = PBXFileReference; lastKnownFileType = sourcecode.swift; path = APIRequest.swift; sourceTree = "<group>"; };
		F8A00F2F2AB08D8C00C3A642 /* CurrentWeatherPlain.swift */ = {isa = PBXFileReference; lastKnownFileType = sourcecode.swift; path = CurrentWeatherPlain.swift; sourceTree = "<group>"; };
		F8A45FBF26ECEC5900C34631 /* WeatherSymbol.swift */ = {isa = PBXFileReference; lastKnownFileType = sourcecode.swift; path = WeatherSymbol.swift; sourceTree = "<group>"; };
		F8ABC7BD28EC680F00475BF3 /* WeatherDetailView.swift */ = {isa = PBXFileReference; lastKnownFileType = sourcecode.swift; path = WeatherDetailView.swift; sourceTree = "<group>"; };
		F8ABC7BF28ED7DBC00475BF3 /* TemperatureChartView.swift */ = {isa = PBXFileReference; lastKnownFileType = sourcecode.swift; path = TemperatureChartView.swift; sourceTree = "<group>"; };
		F8C6964E2C37C1EF00FC1816 /* MockLocationService.swift */ = {isa = PBXFileReference; lastKnownFileType = sourcecode.swift; path = MockLocationService.swift; sourceTree = "<group>"; };
		F8C696502C38021000FC1816 /* NetworkErrorTests.swift */ = {isa = PBXFileReference; lastKnownFileType = sourcecode.swift; path = NetworkErrorTests.swift; sourceTree = "<group>"; };
		F8C696522C38040800FC1816 /* LocationErrorTests.swift */ = {isa = PBXFileReference; lastKnownFileType = sourcecode.swift; path = LocationErrorTests.swift; sourceTree = "<group>"; };
		F8C696542C39130700FC1816 /* TemperatureScaleTests.swift */ = {isa = PBXFileReference; lastKnownFileType = sourcecode.swift; path = TemperatureScaleTests.swift; sourceTree = "<group>"; };
		F8C696562C39153500FC1816 /* HomeStateTests.swift */ = {isa = PBXFileReference; lastKnownFileType = sourcecode.swift; path = HomeStateTests.swift; sourceTree = "<group>"; };
		F8C696582C39198000FC1816 /* PlottableMeasurementTests.swift */ = {isa = PBXFileReference; lastKnownFileType = sourcecode.swift; path = PlottableMeasurementTests.swift; sourceTree = "<group>"; };
		F8C6965C2C39969C00FC1816 /* FormattingTests.swift */ = {isa = PBXFileReference; lastKnownFileType = sourcecode.swift; path = FormattingTests.swift; sourceTree = "<group>"; };
		F8CC98782A2F4EFD006C83DA /* LocationError.swift */ = {isa = PBXFileReference; lastKnownFileType = sourcecode.swift; path = LocationError.swift; sourceTree = "<group>"; };
		F8CC987A2A2F4F1D006C83DA /* WeatherDataSourceRemote.swift */ = {isa = PBXFileReference; lastKnownFileType = sourcecode.swift; path = WeatherDataSourceRemote.swift; sourceTree = "<group>"; };
		F8CEA31E268B69FF0070DEE0 /* Formatting.swift */ = {isa = PBXFileReference; lastKnownFileType = sourcecode.swift; path = Formatting.swift; sourceTree = "<group>"; };
		F8D94ACD29953A4600808209 /* IconAndTemperatureView.swift */ = {isa = PBXFileReference; lastKnownFileType = sourcecode.swift; path = IconAndTemperatureView.swift; sourceTree = "<group>"; };
		F8DB82BC269EDEAF00B3936B /* NetworkError.swift */ = {isa = PBXFileReference; lastKnownFileType = sourcecode.swift; path = NetworkError.swift; sourceTree = "<group>"; };
		F8DE25E62C36A85E0086BCD5 /* APIRequestTests.swift */ = {isa = PBXFileReference; lastKnownFileType = sourcecode.swift; path = APIRequestTests.swift; sourceTree = "<group>"; };
		F8DE25E82C36AC660086BCD5 /* validCurrentWeatherMock.json */ = {isa = PBXFileReference; lastKnownFileType = text.json; path = validCurrentWeatherMock.json; sourceTree = "<group>"; };
		F8DE25E92C36AC660086BCD5 /* validUpcomingWeatherMock.json */ = {isa = PBXFileReference; lastKnownFileType = text.json; path = validUpcomingWeatherMock.json; sourceTree = "<group>"; };
		F8DE25EE2C36AE190086BCD5 /* HomeViewModelTests.swift */ = {isa = PBXFileReference; lastKnownFileType = sourcecode.swift; path = HomeViewModelTests.swift; sourceTree = "<group>"; };
		F8DE25F02C36DB2B0086BCD5 /* MockWeatherSource.swift */ = {isa = PBXFileReference; lastKnownFileType = sourcecode.swift; path = MockWeatherSource.swift; sourceTree = "<group>"; };
		F8DE25F22C36DBDC0086BCD5 /* MockWeatherError.swift */ = {isa = PBXFileReference; lastKnownFileType = sourcecode.swift; path = MockWeatherError.swift; sourceTree = "<group>"; };
		F8DE25F42C36DC690086BCD5 /* WeatherError.swift */ = {isa = PBXFileReference; lastKnownFileType = sourcecode.swift; path = WeatherError.swift; sourceTree = "<group>"; };
		F8DE25F62C36E62E0086BCD5 /* WeatherRemoteDataGatewayTests.swift */ = {isa = PBXFileReference; lastKnownFileType = sourcecode.swift; path = WeatherRemoteDataGatewayTests.swift; sourceTree = "<group>"; };
		F8DE25F82C36E7B60086BCD5 /* MockWeatherService.swift */ = {isa = PBXFileReference; lastKnownFileType = sourcecode.swift; path = MockWeatherService.swift; sourceTree = "<group>"; };
		F8DE25FA2C36E8CA0086BCD5 /* NetworkErrorMessageTests.swift */ = {isa = PBXFileReference; lastKnownFileType = sourcecode.swift; path = NetworkErrorMessageTests.swift; sourceTree = "<group>"; };
		F8DE25FC2C36EB720086BCD5 /* LocationErrorMessageTests.swift */ = {isa = PBXFileReference; lastKnownFileType = sourcecode.swift; path = LocationErrorMessageTests.swift; sourceTree = "<group>"; };
		F8DE25FE2C3714280086BCD5 /* LocationLocalDataGatewayTests.swift */ = {isa = PBXFileReference; lastKnownFileType = sourcecode.swift; path = LocationLocalDataGatewayTests.swift; sourceTree = "<group>"; };
		F8DE26002C37180F0086BCD5 /* GetWeatherSourceImplTests.swift */ = {isa = PBXFileReference; lastKnownFileType = sourcecode.swift; path = GetWeatherSourceImplTests.swift; sourceTree = "<group>"; };
		F8DE26022C371A470086BCD5 /* MockWeatherRemoteDataGateway.swift */ = {isa = PBXFileReference; lastKnownFileType = sourcecode.swift; path = MockWeatherRemoteDataGateway.swift; sourceTree = "<group>"; };
		F8DE26042C371A6C0086BCD5 /* MockLocationLocalDataGateway.swift */ = {isa = PBXFileReference; lastKnownFileType = sourcecode.swift; path = MockLocationLocalDataGateway.swift; sourceTree = "<group>"; };
		F8DE26062C3726D40086BCD5 /* GetWeatherTests.swift */ = {isa = PBXFileReference; lastKnownFileType = sourcecode.swift; path = GetWeatherTests.swift; sourceTree = "<group>"; };
		F8EB4CA729364AAD00BAE881 /* CurrentWeatherPreviews.swift */ = {isa = PBXFileReference; lastKnownFileType = sourcecode.swift; path = CurrentWeatherPreviews.swift; sourceTree = "<group>"; };
		F8EB4CAD29364AF000BAE881 /* HourlyWeatherPreviews.swift */ = {isa = PBXFileReference; lastKnownFileType = sourcecode.swift; path = HourlyWeatherPreviews.swift; sourceTree = "<group>"; };
		F8EB4CAF29364B0000BAE881 /* DailyWeatherPreviews.swift */ = {isa = PBXFileReference; lastKnownFileType = sourcecode.swift; path = DailyWeatherPreviews.swift; sourceTree = "<group>"; };
		F8EB4CB32936609D00BAE881 /* CurrentWeather.swift */ = {isa = PBXFileReference; lastKnownFileType = sourcecode.swift; path = CurrentWeather.swift; sourceTree = "<group>"; };
		F8EB4CB5293660E000BAE881 /* DailyWeather.swift */ = {isa = PBXFileReference; lastKnownFileType = sourcecode.swift; path = DailyWeather.swift; sourceTree = "<group>"; };
		F8EB4CB7293661C700BAE881 /* HourlyWeather.swift */ = {isa = PBXFileReference; lastKnownFileType = sourcecode.swift; path = HourlyWeather.swift; sourceTree = "<group>"; };
		F8EB4CBE2936A81E00BAE881 /* HourlyWeatherPlain.swift */ = {isa = PBXFileReference; lastKnownFileType = sourcecode.swift; path = HourlyWeatherPlain.swift; sourceTree = "<group>"; };
		F8EB4CC02936A83A00BAE881 /* DailyWeatherPlain.swift */ = {isa = PBXFileReference; lastKnownFileType = sourcecode.swift; path = DailyWeatherPlain.swift; sourceTree = "<group>"; };
		F8EB4CC929377E4F00BAE881 /* UpcomingWeatherPlain.swift */ = {isa = PBXFileReference; lastKnownFileType = sourcecode.swift; path = UpcomingWeatherPlain.swift; sourceTree = "<group>"; };
		F8EB4CCB2937838B00BAE881 /* HomeWeather.swift */ = {isa = PBXFileReference; lastKnownFileType = sourcecode.swift; path = HomeWeather.swift; sourceTree = "<group>"; };
		F8EB4CCE2937856500BAE881 /* GetWeather.swift */ = {isa = PBXFileReference; lastKnownFileType = sourcecode.swift; path = GetWeather.swift; sourceTree = "<group>"; };
		F8EB4CD029378E7300BAE881 /* HomeWeatherPlain.swift */ = {isa = PBXFileReference; lastKnownFileType = sourcecode.swift; path = HomeWeatherPlain.swift; sourceTree = "<group>"; };
		F8EB4CDA2938B5C800BAE881 /* HomeWeatherPreviews.swift */ = {isa = PBXFileReference; lastKnownFileType = sourcecode.swift; path = HomeWeatherPreviews.swift; sourceTree = "<group>"; };
		F8EDEF6526F0CB68008CB9A7 /* TemperatureScale.swift */ = {isa = PBXFileReference; lastKnownFileType = sourcecode.swift; path = TemperatureScale.swift; sourceTree = "<group>"; };
		F8F622302B83F7C100B91BEB /* CalendarWeekView.swift */ = {isa = PBXFileReference; lastKnownFileType = sourcecode.swift; path = CalendarWeekView.swift; sourceTree = "<group>"; };
		F8F622322B83FC4E00B91BEB /* CalendarDayView.swift */ = {isa = PBXFileReference; lastKnownFileType = sourcecode.swift; path = CalendarDayView.swift; sourceTree = "<group>"; };
/* End PBXFileReference section */

/* Begin PBXFrameworksBuildPhase section */
		F85931D12B72693400E3355E /* Frameworks */ = {
			isa = PBXFrameworksBuildPhase;
			buildActionMask = 2147483647;
			files = (
			);
			runOnlyForDeploymentPostprocessing = 0;
		};
		F85C43232BA884B500EDBC74 /* Frameworks */ = {
			isa = PBXFrameworksBuildPhase;
			buildActionMask = 2147483647;
			files = (
			);
			runOnlyForDeploymentPostprocessing = 0;
		};
		F87E5C8C267C9E950032949A /* Frameworks */ = {
			isa = PBXFrameworksBuildPhase;
			buildActionMask = 2147483647;
			files = (
				F88DC0B2299655C80029E1F4 /* SwiftUINavigation in Frameworks */,
			);
			runOnlyForDeploymentPostprocessing = 0;
		};
/* End PBXFrameworksBuildPhase section */

/* Begin PBXGroup section */
		F800ABE82693AFED00060ACF /* ViewModifiers */ = {
			isa = PBXGroup;
			children = (
				F867BC1B275E0725001CBA62 /* BackgroundView.swift */,
				F800ABEB2693B44E00060ACF /* PaneBackground.swift */,
				F812D99028549C1600FC8223 /* PaneShadow.swift */,
			);
			path = ViewModifiers;
			sourceTree = "<group>";
		};
		F8072DFD2C2DAE3A00503E3F /* LocationErrors */ = {
			isa = PBXGroup;
			children = (
				F8CC98782A2F4EFD006C83DA /* LocationError.swift */,
				F8072DFB2C2DAE2900503E3F /* LocationErrorMessages.swift */,
			);
			path = LocationErrors;
			sourceTree = "<group>";
		};
		F8164FCD2C32DD7900261EF8 /* EntitiesTests */ = {
			isa = PBXGroup;
			children = (
				F8164FCE2C32DD8F00261EF8 /* HomeWeatherTests.swift */,
				F8164FD62C32EF9500261EF8 /* DailyWeatherTests.swift */,
				F8164FD42C32E32700261EF8 /* HourlyWeatherTests.swift */,
				F8164FD22C32E00100261EF8 /* CurrentWeatherTests.swift */,
			);
			path = EntitiesTests;
			sourceTree = "<group>";
		};
		F82C4A0D2A1B881F00CEA518 /* ErrorMessageStrings */ = {
			isa = PBXGroup;
			children = (
				F82C4A052A1B87D900CEA518 /* ErrorSymbol.swift */,
				F82C4A072A1B87F200CEA518 /* ErrorTitle.swift */,
				F82C4A092A1B880200CEA518 /* ErrorDescription.swift */,
				F82C4A0B2A1B881400CEA518 /* ErrorButtonTitle.swift */,
				F860B2CA2A31E7CE00F3C8D7 /* ErrorMessage.strings */,
			);
			name = ErrorMessageStrings;
			path = ErrorMessages/ErrorMessageStrings;
			sourceTree = "<group>";
		};
		F82C4A232A1CC84000CEA518 /* LocalizedWeatherLabels */ = {
			isa = PBXGroup;
			children = (
				F82C4A032A179D1F00CEA518 /* WeatherLabel.swift */,
				F860B2D32A31E7CE00F3C8D7 /* WeatherLabel.strings */,
			);
			path = LocalizedWeatherLabels;
			sourceTree = "<group>";
		};
		F82C4A2C2A1CE3FD00CEA518 /* RawModelStrings */ = {
			isa = PBXGroup;
			children = (
				F8A45FBF26ECEC5900C34631 /* WeatherSymbol.swift */,
				F82C4A2A2A1CDF0F00CEA518 /* WeatherDescription.swift */,
				F860B2D02A31E7CE00F3C8D7 /* WeatherDescription.strings */,
			);
			path = RawModelStrings;
			sourceTree = "<group>";
		};
		F855EDAB2938D29D0034DDF7 /* ComponentViews */ = {
			isa = PBXGroup;
			children = (
				F855EDAD2938D2F50034DDF7 /* WeatherImage.swift */,
				F855EDAC2938D2F40034DDF7 /* DataAttributionView.swift */,
				F855EDB02938D2F50034DDF7 /* TemperatureScalePicker.swift */,
				F855EDAE2938D2F50034DDF7 /* PrimaryTemperatureView.swift */,
				F855EDAF2938D2F50034DDF7 /* SecondaryTemperatureView.swift */,
				F8D94ACD29953A4600808209 /* IconAndTemperatureView.swift */,
				F85FC0BF2BA5622C0010A6D4 /* VerticalSeparator.swift */,
				F85FC0C12BA563400010A6D4 /* HorizontalSeparator.swift */,
			);
			path = ComponentViews;
			sourceTree = "<group>";
		};
		F855EDB62938D32A0034DDF7 /* WeatherDetail */ = {
			isa = PBXGroup;
			children = (
				F8F622322B83FC4E00B91BEB /* CalendarDayView.swift */,
				F8F622302B83F7C100B91BEB /* CalendarWeekView.swift */,
				F8ABC7BD28EC680F00475BF3 /* WeatherDetailView.swift */,
				F8ABC7BF28ED7DBC00475BF3 /* TemperatureChartView.swift */,
				F82DEAF92A233AC000B2FB97 /* PlottableMeasurement.swift */,
			);
			path = WeatherDetail;
			sourceTree = "<group>";
		};
		F85931D52B72693400E3355E /* ImperialWeatherTests */ = {
			isa = PBXGroup;
			children = (
				F8164FCB2C32CB7100261EF8 /* Tag.swift */,
				F85931DF2B726BF700E3355E /* Home */,
			);
			path = ImperialWeatherTests;
			sourceTree = "<group>";
		};
		F85931DF2B726BF700E3355E /* Home */ = {
			isa = PBXGroup;
			children = (
				F8C6965C2C39969C00FC1816 /* FormattingTests.swift */,
				F8C696582C39198000FC1816 /* PlottableMeasurementTests.swift */,
				F8C696562C39153500FC1816 /* HomeStateTests.swift */,
				F8C696542C39130700FC1816 /* TemperatureScaleTests.swift */,
				F8DE26062C3726D40086BCD5 /* GetWeatherTests.swift */,
				F8DE26002C37180F0086BCD5 /* GetWeatherSourceImplTests.swift */,
				F8DE26042C371A6C0086BCD5 /* MockLocationLocalDataGateway.swift */,
				F8DE26022C371A470086BCD5 /* MockWeatherRemoteDataGateway.swift */,
				F8DE25F22C36DBDC0086BCD5 /* MockWeatherError.swift */,
				F8DE25F02C36DB2B0086BCD5 /* MockWeatherSource.swift */,
				F8DE25F82C36E7B60086BCD5 /* MockWeatherService.swift */,
				F8DE25EE2C36AE190086BCD5 /* HomeViewModelTests.swift */,
				F8C696502C38021000FC1816 /* NetworkErrorTests.swift */,
				F8C696522C38040800FC1816 /* LocationErrorTests.swift */,
				F8DE25FA2C36E8CA0086BCD5 /* NetworkErrorMessageTests.swift */,
				F8DE25FC2C36EB720086BCD5 /* LocationErrorMessageTests.swift */,
				F8DE25FE2C3714280086BCD5 /* LocationLocalDataGatewayTests.swift */,
				F8C6964E2C37C1EF00FC1816 /* MockLocationService.swift */,
				F8DE25F62C36E62E0086BCD5 /* WeatherRemoteDataGatewayTests.swift */,
				F8164FCD2C32DD7900261EF8 /* EntitiesTests */,
				F89A42EB2B73CC18007DDCB6 /* RawModelTests */,
				F85931E92B72723400E3355E /* DataModelMocks */,
				F8DE25E52C36A7120086BCD5 /* WeatherServiceTests */,
			);
			path = Home;
			sourceTree = "<group>";
		};
		F85931E42B72713200E3355E /* Entities */ = {
			isa = PBXGroup;
			children = (
				F8EB4CDA2938B5C800BAE881 /* HomeWeatherPreviews.swift */,
				F8EB4CA729364AAD00BAE881 /* CurrentWeatherPreviews.swift */,
				F8EB4CAD29364AF000BAE881 /* HourlyWeatherPreviews.swift */,
				F8EB4CAF29364B0000BAE881 /* DailyWeatherPreviews.swift */,
			);
			path = Entities;
			sourceTree = "<group>";
		};
		F85931E92B72723400E3355E /* DataModelMocks */ = {
			isa = PBXGroup;
			children = (
				F85931EF2B7272DA00E3355E /* HomeWeatherMocks.swift */,
				F85931ED2B7272B600E3355E /* DailyWeatherMocks.swift */,
				F85931E62B7271A500E3355E /* HourlyWeatherMocks.swift */,
				F85931EA2B72727600E3355E /* CurrentWeatherMocks.swift */,
				F84CEEF72B739EF3003D36AB /* WeatherDescriptionMocks.swift */,
			);
			path = DataModelMocks;
			sourceTree = "<group>";
		};
		F85C43272BA884B500EDBC74 /* ImperialWeatherUITests */ = {
			isa = PBXGroup;
			children = (
				F85C43312BA8851B00EDBC74 /* SnapshotHelper.swift */,
				F85C43282BA884B500EDBC74 /* ImperialWeatherUITests.swift */,
				F85C432A2BA884B500EDBC74 /* ImperialWeatherUITestsLaunchTests.swift */,
			);
			path = ImperialWeatherUITests;
			sourceTree = "<group>";
		};
		F867BC0D275E0725001CBA62 /* Views */ = {
			isa = PBXGroup;
			children = (
				F867BC12275E0725001CBA62 /* HomeView.swift */,
				F867BC11275E0725001CBA62 /* ErrorView.swift */,
				F867BC13275E0725001CBA62 /* WeatherHome */,
				F855EDB62938D32A0034DDF7 /* WeatherDetail */,
				F855EDAB2938D29D0034DDF7 /* ComponentViews */,
				F800ABE82693AFED00060ACF /* ViewModifiers */,
				F82C4A232A1CC84000CEA518 /* LocalizedWeatherLabels */,
			);
			path = Views;
			sourceTree = "<group>";
		};
		F867BC13275E0725001CBA62 /* WeatherHome */ = {
			isa = PBXGroup;
			children = (
				F812D9882853DD5F00FC8223 /* WeatherView.swift */,
				F867BC16275E0725001CBA62 /* CurrentWeatherView.swift */,
				F867BC14275E0725001CBA62 /* HourlyWeatherView.swift */,
				F812D98C2853F4AD00FC8223 /* HourlyWeatherRow.swift */,
				F867BC15275E0725001CBA62 /* DailyWeatherView.swift */,
				F812D98A2853F24C00FC8223 /* DailyWeatherRow.swift */,
			);
			path = WeatherHome;
			sourceTree = "<group>";
		};
		F8791BC12A49AB2800813C1E /* Presentation */ = {
			isa = PBXGroup;
			children = (
				F87FB916269728BB00E38184 /* HomeState.swift */,
				F8072DF52C2C2F7E00503E3F /* HomeIntent.swift */,
				F87E5CB7267CA53B0032949A /* HomeViewModel.swift */,
				F8EDEF6526F0CB68008CB9A7 /* TemperatureScale.swift */,
				F8CEA31E268B69FF0070DEE0 /* Formatting.swift */,
			);
			path = Presentation;
			sourceTree = "<group>";
		};
		F8791BC22A49AB6600813C1E /* Application */ = {
			isa = PBXGroup;
			children = (
				F8EB4CB1293652D600BAE881 /* Entities */,
				F8EB4CCD2937854700BAE881 /* UseCases */,
			);
			path = Application;
			sourceTree = "<group>";
		};
		F8791BC32A49AB7400813C1E /* Data Sources */ = {
			isa = PBXGroup;
			children = (
				F8791BC42A49ABA100813C1E /* GetWeatherSource.swift */,
			);
			path = "Data Sources";
			sourceTree = "<group>";
		};
		F8791BCB2A49B97500813C1E /* Framework */ = {
			isa = PBXGroup;
			children = (
				F867BC0D275E0725001CBA62 /* Views */,
				F8791BCC2A49B9E200813C1E /* Remote */,
				F8791BD52A49C86300813C1E /* Local */,
				F860B2BB2A31E5C700F3C8D7 /* Application.swift */,
			);
			path = Framework;
			sourceTree = "<group>";
		};
		F8791BCC2A49B9E200813C1E /* Remote */ = {
			isa = PBXGroup;
			children = (
				F897EE3728E728F500A9C504 /* Requests */,
				F897EE3028E6FF7900A9C504 /* Resources */,
				F8EB4CB2293652F200BAE881 /* Raw Models */,
				F897EE2F28E64BAF00A9C504 /* NetworkErrors */,
				F8791BCF2A49BA3100813C1E /* WeatherService.swift */,
				F8791BD12A49BA4000813C1E /* WeatherServiceImpl.swift */,
				F8791BCD2A49BA0500813C1E /* WeatherRemoteDataGateway.swift */,
			);
			path = Remote;
			sourceTree = "<group>";
		};
		F8791BD52A49C86300813C1E /* Local */ = {
			isa = PBXGroup;
			children = (
				F8072DFD2C2DAE3A00503E3F /* LocationErrors */,
				F8072DF72C2C9A2900503E3F /* LocationService.swift */,
				F8072DF92C2C9BA000503E3F /* LocationServiceImpl.swift */,
				F8791BD82A4A17A800813C1E /* LocationLocalDataGateway.swift */,
			);
			path = Local;
			sourceTree = "<group>";
		};
		F8791BE02A4A1C6600813C1E /* Home */ = {
			isa = PBXGroup;
			children = (
				F8791BCB2A49B97500813C1E /* Framework */,
				F8CC987C2A2F57CF006C83DA /* Data */,
				F8791BC22A49AB6600813C1E /* Application */,
				F8791BC12A49AB2800813C1E /* Presentation */,
			);
			path = Home;
			sourceTree = "<group>";
		};
		F87E5C86267C9E950032949A = {
			isa = PBXGroup;
			children = (
				F87E5C91267C9E950032949A /* ImperialWeather */,
				F85931D52B72693400E3355E /* ImperialWeatherTests */,
				F85C43272BA884B500EDBC74 /* ImperialWeatherUITests */,
				F87E5C90267C9E950032949A /* Products */,
			);
			sourceTree = "<group>";
		};
		F87E5C90267C9E950032949A /* Products */ = {
			isa = PBXGroup;
			children = (
				F87E5C8F267C9E950032949A /* ImperialWeather.app */,
				F85931D42B72693400E3355E /* ImperialWeatherTests.xctest */,
				F85C43262BA884B500EDBC74 /* ImperialWeatherUITests.xctest */,
			);
			name = Products;
			sourceTree = "<group>";
		};
		F87E5C91267C9E950032949A /* ImperialWeather */ = {
			isa = PBXGroup;
			children = (
				F87E5C92267C9E950032949A /* ImperialWeatherApp.swift */,
				F8791BE02A4A1C6600813C1E /* Home */,
				F87E5C96267C9E960032949A /* Assets.xcassets */,
				F87E5C98267C9E960032949A /* Preview Content */,
				F87E5C9B267C9E960032949A /* Info.plist */,
				F860B2CD2A31E7CE00F3C8D7 /* InfoPlist.strings */,
			);
			path = ImperialWeather;
			sourceTree = "<group>";
		};
		F87E5C98267C9E960032949A /* Preview Content */ = {
			isa = PBXGroup;
			children = (
				F801E3C62B7FC9A8005E821A /* Date.swift */,
				F85931E42B72713200E3355E /* Entities */,
				F87E5C99267C9E960032949A /* Preview Assets.xcassets */,
			);
			path = "Preview Content";
			sourceTree = "<group>";
		};
		F897EE2F28E64BAF00A9C504 /* NetworkErrors */ = {
			isa = PBXGroup;
			children = (
				F8DB82BC269EDEAF00B3936B /* NetworkError.swift */,
				F8072DFE2C2DAE7F00503E3F /* NetworkErrorMessages.swift */,
				F82C4A0D2A1B881F00CEA518 /* ErrorMessageStrings */,
			);
			path = NetworkErrors;
			sourceTree = "<group>";
		};
		F897EE3028E6FF7900A9C504 /* Resources */ = {
			isa = PBXGroup;
			children = (
				F897EE3128E7014400A9C504 /* APIResource.swift */,
				F87E5CB3267CA46C0032949A /* CurrentWeatherResource.swift */,
				F812D9822853D34500FC8223 /* UpcomingWeatherResource.swift */,
			);
			path = Resources;
			sourceTree = "<group>";
		};
		F897EE3728E728F500A9C504 /* Requests */ = {
			isa = PBXGroup;
			children = (
				F88804752C3FDF6C005637F9 /* APIClient.swift */,
				F897EE3528E728E300A9C504 /* APIRequest.swift */,
				F897EE3328E728CF00A9C504 /* NetworkRequest.swift */,
			);
			path = Requests;
			sourceTree = "<group>";
		};
		F89A42EB2B73CC18007DDCB6 /* RawModelTests */ = {
			isa = PBXGroup;
			children = (
				F879EA1B2B73C348009526C4 /* HomeWeatherRawTests.swift */,
				F84CEEF52B735DB3003D36AB /* DailyWeatherRawTests.swift */,
				F879EA152B73B09D009526C4 /* HourlyWeatherRawTests.swift */,
				F879EA172B73B0F8009526C4 /* CurrentWeatherRawTests.swift */,
				F879EA192B73B247009526C4 /* WeatherDescriptionRawTests.swift */,
			);
			path = RawModelTests;
			sourceTree = "<group>";
		};
		F8CC987C2A2F57CF006C83DA /* Data */ = {
			isa = PBXGroup;
			children = (
				F8DE25F42C36DC690086BCD5 /* WeatherError.swift */,
				F897EE2D28E64BA300A9C504 /* ErrorMessage.swift */,
				F82DEAFB2A24606100B2FB97 /* LocationDataSourceLocal.swift */,
				F8CC987A2A2F4F1D006C83DA /* WeatherDataSourceRemote.swift */,
				F8791BC82A49B47F00813C1E /* GetWeatherSourceImpl.swift */,
			);
			path = Data;
			sourceTree = "<group>";
		};
		F8DE25E52C36A7120086BCD5 /* WeatherServiceTests */ = {
			isa = PBXGroup;
			children = (
				F888047D2C4027C2005637F9 /* APIClientTests.swift */,
				F89722362C41341900C66322 /* MockRequest.swift */,
				F888047B2C40275B005637F9 /* MockURLProtocol.swift */,
				F8DE25E62C36A85E0086BCD5 /* APIRequestTests.swift */,
				F8164FDA2C34160400261EF8 /* APIResourceTests.swift */,
				F8164FDC2C34177100261EF8 /* WeatherServiceMocks.swift */,
				F8DE25E82C36AC660086BCD5 /* validCurrentWeatherMock.json */,
				F8DE25E92C36AC660086BCD5 /* validUpcomingWeatherMock.json */,
			);
			path = WeatherServiceTests;
			sourceTree = "<group>";
		};
		F8EB4CB1293652D600BAE881 /* Entities */ = {
			isa = PBXGroup;
			children = (
				F8EB4CB92936A75000BAE881 /* Plain */,
				F8EB4CCB2937838B00BAE881 /* HomeWeather.swift */,
				F8EB4CB32936609D00BAE881 /* CurrentWeather.swift */,
				F8EB4CB7293661C700BAE881 /* HourlyWeather.swift */,
				F8EB4CB5293660E000BAE881 /* DailyWeather.swift */,
			);
			path = Entities;
			sourceTree = "<group>";
		};
		F8EB4CB2293652F200BAE881 /* Raw Models */ = {
			isa = PBXGroup;
			children = (
				F8791BD32A49C25F00813C1E /* HomeWeatherRaw.swift */,
				F83B0A1C275CEC44001F4F3A /* CurrentWeatherRaw.swift */,
				F83B0A20275CEC44001F4F3A /* UpcomingWeatherRaw.swift */,
				F83B0A1E275CEC44001F4F3A /* HourlyWeatherRaw.swift */,
				F812D9802853B00200FC8223 /* DailyWeatherRaw.swift */,
				F83B0A1A275CEC44001F4F3A /* ConditionsRaw.swift */,
				F83B0A1B275CEC44001F4F3A /* TemperatureRaw.swift */,
				F83B0A21275CEC44001F4F3A /* WeatherDescriptionRaw.swift */,
				F82C4A2C2A1CE3FD00CEA518 /* RawModelStrings */,
			);
			path = "Raw Models";
			sourceTree = "<group>";
		};
		F8EB4CB92936A75000BAE881 /* Plain */ = {
			isa = PBXGroup;
			children = (
				F8791BD62A4A111000813C1E /* HomeWeatherLocationPlain.swift */,
				F8EB4CD029378E7300BAE881 /* HomeWeatherPlain.swift */,
				F8EB4CC929377E4F00BAE881 /* UpcomingWeatherPlain.swift */,
				F8EB4CBE2936A81E00BAE881 /* HourlyWeatherPlain.swift */,
				F8EB4CC02936A83A00BAE881 /* DailyWeatherPlain.swift */,
				F8A00F2F2AB08D8C00C3A642 /* CurrentWeatherPlain.swift */,
			);
			path = Plain;
			sourceTree = "<group>";
		};
		F8EB4CCD2937854700BAE881 /* UseCases */ = {
			isa = PBXGroup;
			children = (
				F8EB4CCE2937856500BAE881 /* GetWeather.swift */,
				F8791BC32A49AB7400813C1E /* Data Sources */,
			);
			path = UseCases;
			sourceTree = "<group>";
		};
/* End PBXGroup section */

/* Begin PBXNativeTarget section */
		F85931D32B72693400E3355E /* ImperialWeatherTests */ = {
			isa = PBXNativeTarget;
			buildConfigurationList = F85931DC2B72693400E3355E /* Build configuration list for PBXNativeTarget "ImperialWeatherTests" */;
			buildPhases = (
				F85931D02B72693400E3355E /* Sources */,
				F85931D12B72693400E3355E /* Frameworks */,
				F85931D22B72693400E3355E /* Resources */,
			);
			buildRules = (
			);
			dependencies = (
				F85931D92B72693400E3355E /* PBXTargetDependency */,
			);
			name = ImperialWeatherTests;
			productName = ImperialWeatherTests;
			productReference = F85931D42B72693400E3355E /* ImperialWeatherTests.xctest */;
			productType = "com.apple.product-type.bundle.unit-test";
		};
		F85C43252BA884B500EDBC74 /* ImperialWeatherUITests */ = {
			isa = PBXNativeTarget;
			buildConfigurationList = F85C43302BA884B500EDBC74 /* Build configuration list for PBXNativeTarget "ImperialWeatherUITests" */;
			buildPhases = (
				F85C43222BA884B500EDBC74 /* Sources */,
				F85C43232BA884B500EDBC74 /* Frameworks */,
				F85C43242BA884B500EDBC74 /* Resources */,
			);
			buildRules = (
			);
			dependencies = (
				F85C432D2BA884B500EDBC74 /* PBXTargetDependency */,
			);
			name = ImperialWeatherUITests;
			productName = ImperialWeatherUITests;
			productReference = F85C43262BA884B500EDBC74 /* ImperialWeatherUITests.xctest */;
			productType = "com.apple.product-type.bundle.ui-testing";
		};
		F87E5C8E267C9E950032949A /* ImperialWeather */ = {
			isa = PBXNativeTarget;
			buildConfigurationList = F87E5C9E267C9E960032949A /* Build configuration list for PBXNativeTarget "ImperialWeather" */;
			buildPhases = (
				F87E5C8B267C9E950032949A /* Sources */,
				F87E5C8C267C9E950032949A /* Frameworks */,
				F87E5C8D267C9E950032949A /* Resources */,
			);
			buildRules = (
			);
			dependencies = (
			);
			name = ImperialWeather;
			packageProductDependencies = (
				F88DC0B1299655C80029E1F4 /* SwiftUINavigation */,
			);
			productName = ImperialWeather;
			productReference = F87E5C8F267C9E950032949A /* ImperialWeather.app */;
			productType = "com.apple.product-type.application";
		};
/* End PBXNativeTarget section */

/* Begin PBXProject section */
		F87E5C87267C9E950032949A /* Project object */ = {
			isa = PBXProject;
			attributes = {
				BuildIndependentTargetsInParallel = YES;
				LastSwiftUpdateCheck = 1530;
				LastUpgradeCheck = 1520;
				TargetAttributes = {
					F85931D32B72693400E3355E = {
						CreatedOnToolsVersion = 15.2;
						TestTargetID = F87E5C8E267C9E950032949A;
					};
					F85C43252BA884B500EDBC74 = {
						CreatedOnToolsVersion = 15.3;
						TestTargetID = F87E5C8E267C9E950032949A;
					};
					F87E5C8E267C9E950032949A = {
						CreatedOnToolsVersion = 12.5;
					};
				};
			};
			buildConfigurationList = F87E5C8A267C9E950032949A /* Build configuration list for PBXProject "ImperialWeather" */;
			compatibilityVersion = "Xcode 9.3";
			developmentRegion = en;
			hasScannedForEncodings = 0;
			knownRegions = (
				en,
				es,
				Base,
			);
			mainGroup = F87E5C86267C9E950032949A;
			packageReferences = (
				F88DC0B0299655C80029E1F4 /* XCRemoteSwiftPackageReference "swiftui-navigation" */,
			);
			productRefGroup = F87E5C90267C9E950032949A /* Products */;
			projectDirPath = "";
			projectRoot = "";
			targets = (
				F87E5C8E267C9E950032949A /* ImperialWeather */,
				F85931D32B72693400E3355E /* ImperialWeatherTests */,
				F85C43252BA884B500EDBC74 /* ImperialWeatherUITests */,
			);
		};
/* End PBXProject section */

/* Begin PBXResourcesBuildPhase section */
		F85931D22B72693400E3355E /* Resources */ = {
			isa = PBXResourcesBuildPhase;
			buildActionMask = 2147483647;
			files = (
				F8DE25EA2C36AC660086BCD5 /* validCurrentWeatherMock.json in Resources */,
				F8DE25EB2C36AC660086BCD5 /* validUpcomingWeatherMock.json in Resources */,
			);
			runOnlyForDeploymentPostprocessing = 0;
		};
		F85C43242BA884B500EDBC74 /* Resources */ = {
			isa = PBXResourcesBuildPhase;
			buildActionMask = 2147483647;
			files = (
			);
			runOnlyForDeploymentPostprocessing = 0;
		};
		F87E5C8D267C9E950032949A /* Resources */ = {
			isa = PBXResourcesBuildPhase;
			buildActionMask = 2147483647;
			files = (
				F860B2D52A31E7CE00F3C8D7 /* WeatherLabel.strings in Resources */,
				F860B2CC2A31E7CE00F3C8D7 /* ErrorMessage.strings in Resources */,
				F860B2CF2A31E7CE00F3C8D7 /* InfoPlist.strings in Resources */,
				F860B2D22A31E7CE00F3C8D7 /* WeatherDescription.strings in Resources */,
				F87E5C9A267C9E960032949A /* Preview Assets.xcassets in Resources */,
				F87E5C97267C9E960032949A /* Assets.xcassets in Resources */,
			);
			runOnlyForDeploymentPostprocessing = 0;
		};
/* End PBXResourcesBuildPhase section */

/* Begin PBXSourcesBuildPhase section */
		F85931D02B72693400E3355E /* Sources */ = {
			isa = PBXSourcesBuildPhase;
			buildActionMask = 2147483647;
			files = (
				F85931EE2B7272B600E3355E /* DailyWeatherMocks.swift in Sources */,
				F8DE25F12C36DB2F0086BCD5 /* MockWeatherSource.swift in Sources */,
				F85931EB2B72727600E3355E /* CurrentWeatherMocks.swift in Sources */,
				F84CEEF62B735DB3003D36AB /* DailyWeatherRawTests.swift in Sources */,
				F85931EC2B72728500E3355E /* HourlyWeatherMocks.swift in Sources */,
				F8DE25E72C36A85E0086BCD5 /* APIRequestTests.swift in Sources */,
				F8164FDD2C34177600261EF8 /* WeatherServiceMocks.swift in Sources */,
				F8DE25F92C36E7B90086BCD5 /* MockWeatherService.swift in Sources */,
				F8DE25F32C36DBDE0086BCD5 /* MockWeatherError.swift in Sources */,
				F84CEEF82B739EF3003D36AB /* WeatherDescriptionMocks.swift in Sources */,
				F8164FCF2C32DD9600261EF8 /* HomeWeatherTests.swift in Sources */,
				F8C6965D2C39969F00FC1816 /* FormattingTests.swift in Sources */,
				F8164FD72C32EF9500261EF8 /* DailyWeatherTests.swift in Sources */,
				F879EA162B73B09D009526C4 /* HourlyWeatherRawTests.swift in Sources */,
				F8164FD32C32E00700261EF8 /* CurrentWeatherTests.swift in Sources */,
				F8164FCC2C32CB7500261EF8 /* Tag.swift in Sources */,
				F8C696572C39153800FC1816 /* HomeStateTests.swift in Sources */,
				F8C6964F2C37C1F900FC1816 /* MockLocationService.swift in Sources */,
				F8DE25EF2C36AE1F0086BCD5 /* HomeViewModelTests.swift in Sources */,
				F8C696532C38040C00FC1816 /* LocationErrorTests.swift in Sources */,
				F8DE25F72C36E63B0086BCD5 /* WeatherRemoteDataGatewayTests.swift in Sources */,
				F8DE25FD2C36EB780086BCD5 /* LocationErrorMessageTests.swift in Sources */,
				F8164FD52C32E32C00261EF8 /* HourlyWeatherTests.swift in Sources */,
				F89722372C41342200C66322 /* MockRequest.swift in Sources */,
				F8DE26032C371A4C0086BCD5 /* MockWeatherRemoteDataGateway.swift in Sources */,
				F879EA1C2B73C348009526C4 /* HomeWeatherRawTests.swift in Sources */,
				F8DE26072C3726D90086BCD5 /* GetWeatherTests.swift in Sources */,
				F8164FDB2C34164300261EF8 /* APIResourceTests.swift in Sources */,
				F888047C2C402762005637F9 /* MockURLProtocol.swift in Sources */,
				F879EA1A2B73B247009526C4 /* WeatherDescriptionRawTests.swift in Sources */,
				F8C696512C38021A00FC1816 /* NetworkErrorTests.swift in Sources */,
				F8DE25FB2C36E8D50086BCD5 /* NetworkErrorMessageTests.swift in Sources */,
				F85931F02B7272DA00E3355E /* HomeWeatherMocks.swift in Sources */,
				F8DE26012C3718170086BCD5 /* GetWeatherSourceImplTests.swift in Sources */,
				F8DE26052C371A750086BCD5 /* MockLocationLocalDataGateway.swift in Sources */,
				F8C696552C39130F00FC1816 /* TemperatureScaleTests.swift in Sources */,
				F879EA182B73B0F8009526C4 /* CurrentWeatherRawTests.swift in Sources */,
				F888047E2C4027C6005637F9 /* APIClientTests.swift in Sources */,
				F8C696592C39198A00FC1816 /* PlottableMeasurementTests.swift in Sources */,
				F8DE25FF2C37142F0086BCD5 /* LocationLocalDataGatewayTests.swift in Sources */,
			);
			runOnlyForDeploymentPostprocessing = 0;
		};
		F85C43222BA884B500EDBC74 /* Sources */ = {
			isa = PBXSourcesBuildPhase;
			buildActionMask = 2147483647;
			files = (
				F85C432B2BA884B500EDBC74 /* ImperialWeatherUITestsLaunchTests.swift in Sources */,
				F85C43292BA884B500EDBC74 /* ImperialWeatherUITests.swift in Sources */,
				F85C43322BA8851B00EDBC74 /* SnapshotHelper.swift in Sources */,
			);
			runOnlyForDeploymentPostprocessing = 0;
		};
		F87E5C8B267C9E950032949A /* Sources */ = {
			isa = PBXSourcesBuildPhase;
			buildActionMask = 2147483647;
			files = (
				F87E5CB4267CA46C0032949A /* CurrentWeatherResource.swift in Sources */,
				F897EE2E28E64BA300A9C504 /* ErrorMessage.swift in Sources */,
				F8791BD42A49C25F00813C1E /* HomeWeatherRaw.swift in Sources */,
				F82C4A042A179D1F00CEA518 /* WeatherLabel.swift in Sources */,
				F83B0A27275CEC44001F4F3A /* TemperatureRaw.swift in Sources */,
				F867BC26275E0725001CBA62 /* HomeView.swift in Sources */,
				F83B0A29275CEC44001F4F3A /* HourlyWeatherRaw.swift in Sources */,
				F8072DF82C2C9A2900503E3F /* LocationService.swift in Sources */,
				F8DB82BD269EDEAF00B3936B /* NetworkError.swift in Sources */,
				F897EE3228E7014400A9C504 /* APIResource.swift in Sources */,
				F8072DFA2C2C9BA000503E3F /* LocationServiceImpl.swift in Sources */,
				F87E5C93267C9E950032949A /* ImperialWeatherApp.swift in Sources */,
				F867BC25275E0725001CBA62 /* ErrorView.swift in Sources */,
				F8072DFF2C2DAE7F00503E3F /* NetworkErrorMessages.swift in Sources */,
				F812D9832853D34500FC8223 /* UpcomingWeatherResource.swift in Sources */,
				F860B2BC2A31E5C700F3C8D7 /* Application.swift in Sources */,
				F8791BC52A49ABA100813C1E /* GetWeatherSource.swift in Sources */,
				F82DEAFA2A233AC000B2FB97 /* PlottableMeasurement.swift in Sources */,
				F85FC0C22BA563400010A6D4 /* HorizontalSeparator.swift in Sources */,
				F8ABC7C028ED7DBC00475BF3 /* TemperatureChartView.swift in Sources */,
				F8D94ACE29953A4600808209 /* IconAndTemperatureView.swift in Sources */,
				F855EDB22938D2F60034DDF7 /* WeatherImage.swift in Sources */,
				F8EDEF6626F0CB68008CB9A7 /* TemperatureScale.swift in Sources */,
				F87FB917269728BB00E38184 /* HomeState.swift in Sources */,
				F82C4A0C2A1B881400CEA518 /* ErrorButtonTitle.swift in Sources */,
				F8EB4CC12936A83A00BAE881 /* DailyWeatherPlain.swift in Sources */,
				F82C4A082A1B87F200CEA518 /* ErrorTitle.swift in Sources */,
				F812D98B2853F24C00FC8223 /* DailyWeatherRow.swift in Sources */,
				F82C4A0A2A1B880200CEA518 /* ErrorDescription.swift in Sources */,
				F867BC29275E0725001CBA62 /* CurrentWeatherView.swift in Sources */,
				F8EB4CBF2936A81E00BAE881 /* HourlyWeatherPlain.swift in Sources */,
				F8EB4CB029364B0000BAE881 /* DailyWeatherPreviews.swift in Sources */,
				F87E5CB8267CA53B0032949A /* HomeViewModel.swift in Sources */,
				F897EE3428E728CF00A9C504 /* NetworkRequest.swift in Sources */,
				F8A45FC026ECEC5900C34631 /* WeatherSymbol.swift in Sources */,
				F8EB4CD129378E7300BAE881 /* HomeWeatherPlain.swift in Sources */,
				F82C4A2B2A1CDF0F00CEA518 /* WeatherDescription.swift in Sources */,
				F801E3CF2B8378C6005E821A /* Date.swift in Sources */,
				F8EB4CCA29377E4F00BAE881 /* UpcomingWeatherPlain.swift in Sources */,
				F8DE25F52C36DC6E0086BCD5 /* WeatherError.swift in Sources */,
				F8EB4CCF2937856500BAE881 /* GetWeather.swift in Sources */,
				F897EE3628E728E300A9C504 /* APIRequest.swift in Sources */,
				F8EB4CCC2937838B00BAE881 /* HomeWeather.swift in Sources */,
				F8791BC92A49B47F00813C1E /* GetWeatherSourceImpl.swift in Sources */,
				F8CC98792A2F4EFD006C83DA /* LocationError.swift in Sources */,
				F812D98D2853F4AD00FC8223 /* HourlyWeatherRow.swift in Sources */,
				F88804762C3FDF7A005637F9 /* APIClient.swift in Sources */,
				F8EB4CDB2938B5C800BAE881 /* HomeWeatherPreviews.swift in Sources */,
				F812D99128549C1600FC8223 /* PaneShadow.swift in Sources */,
				F82DEAFC2A24606100B2FB97 /* LocationDataSourceLocal.swift in Sources */,
				F85FC0C02BA5622C0010A6D4 /* VerticalSeparator.swift in Sources */,
				F855EDB32938D2F60034DDF7 /* PrimaryTemperatureView.swift in Sources */,
				F867BC27275E0725001CBA62 /* HourlyWeatherView.swift in Sources */,
				F855EDB42938D2F60034DDF7 /* SecondaryTemperatureView.swift in Sources */,
				F8EB4CA829364AAD00BAE881 /* CurrentWeatherPreviews.swift in Sources */,
				F8EB4CAE29364AF000BAE881 /* HourlyWeatherPreviews.swift in Sources */,
				F8F622312B83F7C100B91BEB /* CalendarWeekView.swift in Sources */,
				F83B0A28275CEC44001F4F3A /* CurrentWeatherRaw.swift in Sources */,
				F867BC2D275E0725001CBA62 /* BackgroundView.swift in Sources */,
				F8EB4CB42936609D00BAE881 /* CurrentWeather.swift in Sources */,
				F8EB4CB8293661C700BAE881 /* HourlyWeather.swift in Sources */,
				F800ABEC2693B44E00060ACF /* PaneBackground.swift in Sources */,
				F8791BD22A49BA4000813C1E /* WeatherServiceImpl.swift in Sources */,
				F8ABC7BE28EC680F00475BF3 /* WeatherDetailView.swift in Sources */,
				F812D9892853DD5F00FC8223 /* WeatherView.swift in Sources */,
				F8791BD72A4A111000813C1E /* HomeWeatherLocationPlain.swift in Sources */,
				F812D9812853B00200FC8223 /* DailyWeatherRaw.swift in Sources */,
				F867BC28275E0725001CBA62 /* DailyWeatherView.swift in Sources */,
				F855EDB12938D2F60034DDF7 /* DataAttributionView.swift in Sources */,
				F8791BD92A4A17A800813C1E /* LocationLocalDataGateway.swift in Sources */,
				F83B0A26275CEC44001F4F3A /* ConditionsRaw.swift in Sources */,
				F82C4A062A1B87D900CEA518 /* ErrorSymbol.swift in Sources */,
				F8EB4CB6293660E000BAE881 /* DailyWeather.swift in Sources */,
				F8CC987B2A2F4F1D006C83DA /* WeatherDataSourceRemote.swift in Sources */,
				F8072DF62C2C2F7E00503E3F /* HomeIntent.swift in Sources */,
				F83B0A2C275CEC44001F4F3A /* WeatherDescriptionRaw.swift in Sources */,
				F8791BCE2A49BA0500813C1E /* WeatherRemoteDataGateway.swift in Sources */,
				F83B0A2B275CEC44001F4F3A /* UpcomingWeatherRaw.swift in Sources */,
				F8CEA31F268B69FF0070DEE0 /* Formatting.swift in Sources */,
				F8791BD02A49BA3100813C1E /* WeatherService.swift in Sources */,
				F8F622332B83FC4E00B91BEB /* CalendarDayView.swift in Sources */,
				F8072DFC2C2DAE2900503E3F /* LocationErrorMessages.swift in Sources */,
				F8A00F302AB08D8C00C3A642 /* CurrentWeatherPlain.swift in Sources */,
				F855EDB52938D2F60034DDF7 /* TemperatureScalePicker.swift in Sources */,
			);
			runOnlyForDeploymentPostprocessing = 0;
		};
/* End PBXSourcesBuildPhase section */

/* Begin PBXTargetDependency section */
		F85931D92B72693400E3355E /* PBXTargetDependency */ = {
			isa = PBXTargetDependency;
			target = F87E5C8E267C9E950032949A /* ImperialWeather */;
			targetProxy = F85931D82B72693400E3355E /* PBXContainerItemProxy */;
		};
		F85C432D2BA884B500EDBC74 /* PBXTargetDependency */ = {
			isa = PBXTargetDependency;
			target = F87E5C8E267C9E950032949A /* ImperialWeather */;
			targetProxy = F85C432C2BA884B500EDBC74 /* PBXContainerItemProxy */;
		};
/* End PBXTargetDependency section */

/* Begin PBXVariantGroup section */
		F860B2CA2A31E7CE00F3C8D7 /* ErrorMessage.strings */ = {
			isa = PBXVariantGroup;
			children = (
				F860B2DE2A31ED4400F3C8D7 /* en */,
				F860B2E32A31EE6900F3C8D7 /* es */,
			);
			name = ErrorMessage.strings;
			sourceTree = "<group>";
		};
		F860B2CD2A31E7CE00F3C8D7 /* InfoPlist.strings */ = {
			isa = PBXVariantGroup;
			children = (
				F860B2DD2A31ED2400F3C8D7 /* en */,
				F860B2E22A31EE6100F3C8D7 /* es */,
			);
			name = InfoPlist.strings;
			sourceTree = "<group>";
		};
		F860B2D02A31E7CE00F3C8D7 /* WeatherDescription.strings */ = {
			isa = PBXVariantGroup;
			children = (
				F860B2DC2A31ECE000F3C8D7 /* en */,
				F860B2E12A31EE5A00F3C8D7 /* es */,
			);
			name = WeatherDescription.strings;
			sourceTree = "<group>";
		};
		F860B2D32A31E7CE00F3C8D7 /* WeatherLabel.strings */ = {
			isa = PBXVariantGroup;
			children = (
				F860B2DB2A31ECA600F3C8D7 /* en */,
				F860B2E02A31EE4E00F3C8D7 /* es */,
			);
			name = WeatherLabel.strings;
			sourceTree = "<group>";
		};
/* End PBXVariantGroup section */

/* Begin XCBuildConfiguration section */
		F85931DA2B72693400E3355E /* Debug */ = {
			isa = XCBuildConfiguration;
			buildSettings = {
				ASSETCATALOG_COMPILER_GENERATE_SWIFT_ASSET_SYMBOL_EXTENSIONS = YES;
				BUNDLE_LOADER = "$(TEST_HOST)";
				CLANG_CXX_LANGUAGE_STANDARD = "gnu++20";
				CODE_SIGN_STYLE = Automatic;
				CURRENT_PROJECT_VERSION = 1;
				DEVELOPMENT_TEAM = H5BFNRJ7J5;
				ENABLE_USER_SCRIPT_SANDBOXING = YES;
				GCC_C_LANGUAGE_STANDARD = gnu17;
				GENERATE_INFOPLIST_FILE = YES;
				IPHONEOS_DEPLOYMENT_TARGET = 17.0;
				LOCALIZATION_PREFERS_STRING_CATALOGS = YES;
				MARKETING_VERSION = 1.0;
				PRODUCT_BUNDLE_IDENTIFIER = com.mycompany.ImperialWeatherTests;
				PRODUCT_NAME = "$(TARGET_NAME)";
				SWIFT_ACTIVE_COMPILATION_CONDITIONS = "DEBUG $(inherited)";
				SWIFT_EMIT_LOC_STRINGS = NO;
				SWIFT_VERSION = 5.0;
				TARGETED_DEVICE_FAMILY = "1,2";
				TEST_HOST = "$(BUILT_PRODUCTS_DIR)/ImperialWeather.app/$(BUNDLE_EXECUTABLE_FOLDER_PATH)/ImperialWeather";
			};
			name = Debug;
		};
		F85931DB2B72693400E3355E /* Release */ = {
			isa = XCBuildConfiguration;
			buildSettings = {
				ASSETCATALOG_COMPILER_GENERATE_SWIFT_ASSET_SYMBOL_EXTENSIONS = YES;
				BUNDLE_LOADER = "$(TEST_HOST)";
				CLANG_CXX_LANGUAGE_STANDARD = "gnu++20";
				CODE_SIGN_STYLE = Automatic;
				CURRENT_PROJECT_VERSION = 1;
				DEVELOPMENT_TEAM = H5BFNRJ7J5;
				ENABLE_USER_SCRIPT_SANDBOXING = YES;
				GCC_C_LANGUAGE_STANDARD = gnu17;
				GENERATE_INFOPLIST_FILE = YES;
				IPHONEOS_DEPLOYMENT_TARGET = 17.0;
				LOCALIZATION_PREFERS_STRING_CATALOGS = YES;
				MARKETING_VERSION = 1.0;
				PRODUCT_BUNDLE_IDENTIFIER = com.mycompany.ImperialWeatherTests;
				PRODUCT_NAME = "$(TARGET_NAME)";
				SWIFT_EMIT_LOC_STRINGS = NO;
				SWIFT_VERSION = 5.0;
				TARGETED_DEVICE_FAMILY = "1,2";
				TEST_HOST = "$(BUILT_PRODUCTS_DIR)/ImperialWeather.app/$(BUNDLE_EXECUTABLE_FOLDER_PATH)/ImperialWeather";
			};
			name = Release;
		};
		F85C432E2BA884B500EDBC74 /* Debug */ = {
			isa = XCBuildConfiguration;
			buildSettings = {
				CLANG_CXX_LANGUAGE_STANDARD = "gnu++20";
				CODE_SIGN_STYLE = Automatic;
				CURRENT_PROJECT_VERSION = 1;
				DEVELOPMENT_TEAM = H5BFNRJ7J5;
				ENABLE_USER_SCRIPT_SANDBOXING = YES;
				GCC_C_LANGUAGE_STANDARD = gnu17;
				GENERATE_INFOPLIST_FILE = YES;
				IPHONEOS_DEPLOYMENT_TARGET = 17.4;
				LOCALIZATION_PREFERS_STRING_CATALOGS = YES;
				MARKETING_VERSION = 1.0;
				PRODUCT_BUNDLE_IDENTIFIER = com.mycompany.ImperialWeatherUITests;
				PRODUCT_NAME = "$(TARGET_NAME)";
				SWIFT_ACTIVE_COMPILATION_CONDITIONS = "DEBUG $(inherited)";
				SWIFT_EMIT_LOC_STRINGS = NO;
				SWIFT_VERSION = 5.0;
				TARGETED_DEVICE_FAMILY = "1,2";
				TEST_TARGET_NAME = ImperialWeather;
			};
			name = Debug;
		};
		F85C432F2BA884B500EDBC74 /* Release */ = {
			isa = XCBuildConfiguration;
			buildSettings = {
				CLANG_CXX_LANGUAGE_STANDARD = "gnu++20";
				CODE_SIGN_STYLE = Automatic;
				CURRENT_PROJECT_VERSION = 1;
				DEVELOPMENT_TEAM = H5BFNRJ7J5;
				ENABLE_USER_SCRIPT_SANDBOXING = YES;
				GCC_C_LANGUAGE_STANDARD = gnu17;
				GENERATE_INFOPLIST_FILE = YES;
				IPHONEOS_DEPLOYMENT_TARGET = 17.4;
				LOCALIZATION_PREFERS_STRING_CATALOGS = YES;
				MARKETING_VERSION = 1.0;
				PRODUCT_BUNDLE_IDENTIFIER = com.mycompany.ImperialWeatherUITests;
				PRODUCT_NAME = "$(TARGET_NAME)";
				SWIFT_EMIT_LOC_STRINGS = NO;
				SWIFT_VERSION = 5.0;
				TARGETED_DEVICE_FAMILY = "1,2";
				TEST_TARGET_NAME = ImperialWeather;
			};
			name = Release;
		};
		F87E5C9C267C9E960032949A /* Debug */ = {
			isa = XCBuildConfiguration;
			buildSettings = {
				ALWAYS_SEARCH_USER_PATHS = NO;
				ASSETCATALOG_COMPILER_GENERATE_SWIFT_ASSET_SYMBOL_EXTENSIONS = YES;
				CLANG_ANALYZER_LOCALIZABILITY_NONLOCALIZED = YES;
				CLANG_ANALYZER_NONNULL = YES;
				CLANG_ANALYZER_NUMBER_OBJECT_CONVERSION = YES_AGGRESSIVE;
				CLANG_CXX_LANGUAGE_STANDARD = "gnu++14";
				CLANG_CXX_LIBRARY = "libc++";
				CLANG_ENABLE_MODULES = YES;
				CLANG_ENABLE_OBJC_ARC = YES;
				CLANG_ENABLE_OBJC_WEAK = YES;
				CLANG_WARN_BLOCK_CAPTURE_AUTORELEASING = YES;
				CLANG_WARN_BOOL_CONVERSION = YES;
				CLANG_WARN_COMMA = YES;
				CLANG_WARN_CONSTANT_CONVERSION = YES;
				CLANG_WARN_DEPRECATED_OBJC_IMPLEMENTATIONS = YES;
				CLANG_WARN_DIRECT_OBJC_ISA_USAGE = YES_ERROR;
				CLANG_WARN_DOCUMENTATION_COMMENTS = YES;
				CLANG_WARN_EMPTY_BODY = YES;
				CLANG_WARN_ENUM_CONVERSION = YES;
				CLANG_WARN_INFINITE_RECURSION = YES;
				CLANG_WARN_INT_CONVERSION = YES;
				CLANG_WARN_NON_LITERAL_NULL_CONVERSION = YES;
				CLANG_WARN_OBJC_IMPLICIT_RETAIN_SELF = YES;
				CLANG_WARN_OBJC_LITERAL_CONVERSION = YES;
				CLANG_WARN_OBJC_ROOT_CLASS = YES_ERROR;
				CLANG_WARN_QUOTED_INCLUDE_IN_FRAMEWORK_HEADER = YES;
				CLANG_WARN_RANGE_LOOP_ANALYSIS = YES;
				CLANG_WARN_STRICT_PROTOTYPES = YES;
				CLANG_WARN_SUSPICIOUS_MOVE = YES;
				CLANG_WARN_UNGUARDED_AVAILABILITY = YES_AGGRESSIVE;
				CLANG_WARN_UNREACHABLE_CODE = YES;
				CLANG_WARN__DUPLICATE_METHOD_MATCH = YES;
				COPY_PHASE_STRIP = NO;
				DEBUG_INFORMATION_FORMAT = dwarf;
				ENABLE_STRICT_OBJC_MSGSEND = YES;
				ENABLE_TESTABILITY = YES;
				GCC_C_LANGUAGE_STANDARD = gnu11;
				GCC_DYNAMIC_NO_PIC = NO;
				GCC_NO_COMMON_BLOCKS = YES;
				GCC_OPTIMIZATION_LEVEL = 0;
				GCC_PREPROCESSOR_DEFINITIONS = (
					"DEBUG=1",
					"$(inherited)",
				);
				GCC_WARN_64_TO_32_BIT_CONVERSION = YES;
				GCC_WARN_ABOUT_RETURN_TYPE = YES_ERROR;
				GCC_WARN_UNDECLARED_SELECTOR = YES;
				GCC_WARN_UNINITIALIZED_AUTOS = YES_AGGRESSIVE;
				GCC_WARN_UNUSED_FUNCTION = YES;
				GCC_WARN_UNUSED_VARIABLE = YES;
				IPHONEOS_DEPLOYMENT_TARGET = 15.0;
				MTL_ENABLE_DEBUG_INFO = INCLUDE_SOURCE;
				MTL_FAST_MATH = YES;
				ONLY_ACTIVE_ARCH = YES;
				SDKROOT = iphoneos;
				SWIFT_ACTIVE_COMPILATION_CONDITIONS = DEBUG;
				SWIFT_OPTIMIZATION_LEVEL = "-Onone";
				SWIFT_STRICT_CONCURRENCY = minimal;
				SWIFT_UPCOMING_FEATURE_GLOBAL_CONCURRENCY = NO;
				SWIFT_VERSION = "";
			};
			name = Debug;
		};
		F87E5C9D267C9E960032949A /* Release */ = {
			isa = XCBuildConfiguration;
			buildSettings = {
				ALWAYS_SEARCH_USER_PATHS = NO;
				ASSETCATALOG_COMPILER_GENERATE_SWIFT_ASSET_SYMBOL_EXTENSIONS = YES;
				CLANG_ANALYZER_LOCALIZABILITY_NONLOCALIZED = YES;
				CLANG_ANALYZER_NONNULL = YES;
				CLANG_ANALYZER_NUMBER_OBJECT_CONVERSION = YES_AGGRESSIVE;
				CLANG_CXX_LANGUAGE_STANDARD = "gnu++14";
				CLANG_CXX_LIBRARY = "libc++";
				CLANG_ENABLE_MODULES = YES;
				CLANG_ENABLE_OBJC_ARC = YES;
				CLANG_ENABLE_OBJC_WEAK = YES;
				CLANG_WARN_BLOCK_CAPTURE_AUTORELEASING = YES;
				CLANG_WARN_BOOL_CONVERSION = YES;
				CLANG_WARN_COMMA = YES;
				CLANG_WARN_CONSTANT_CONVERSION = YES;
				CLANG_WARN_DEPRECATED_OBJC_IMPLEMENTATIONS = YES;
				CLANG_WARN_DIRECT_OBJC_ISA_USAGE = YES_ERROR;
				CLANG_WARN_DOCUMENTATION_COMMENTS = YES;
				CLANG_WARN_EMPTY_BODY = YES;
				CLANG_WARN_ENUM_CONVERSION = YES;
				CLANG_WARN_INFINITE_RECURSION = YES;
				CLANG_WARN_INT_CONVERSION = YES;
				CLANG_WARN_NON_LITERAL_NULL_CONVERSION = YES;
				CLANG_WARN_OBJC_IMPLICIT_RETAIN_SELF = YES;
				CLANG_WARN_OBJC_LITERAL_CONVERSION = YES;
				CLANG_WARN_OBJC_ROOT_CLASS = YES_ERROR;
				CLANG_WARN_QUOTED_INCLUDE_IN_FRAMEWORK_HEADER = YES;
				CLANG_WARN_RANGE_LOOP_ANALYSIS = YES;
				CLANG_WARN_STRICT_PROTOTYPES = YES;
				CLANG_WARN_SUSPICIOUS_MOVE = YES;
				CLANG_WARN_UNGUARDED_AVAILABILITY = YES_AGGRESSIVE;
				CLANG_WARN_UNREACHABLE_CODE = YES;
				CLANG_WARN__DUPLICATE_METHOD_MATCH = YES;
				COPY_PHASE_STRIP = NO;
				DEBUG_INFORMATION_FORMAT = "dwarf-with-dsym";
				ENABLE_NS_ASSERTIONS = NO;
				ENABLE_STRICT_OBJC_MSGSEND = YES;
				GCC_C_LANGUAGE_STANDARD = gnu11;
				GCC_NO_COMMON_BLOCKS = YES;
				GCC_WARN_64_TO_32_BIT_CONVERSION = YES;
				GCC_WARN_ABOUT_RETURN_TYPE = YES_ERROR;
				GCC_WARN_UNDECLARED_SELECTOR = YES;
				GCC_WARN_UNINITIALIZED_AUTOS = YES_AGGRESSIVE;
				GCC_WARN_UNUSED_FUNCTION = YES;
				GCC_WARN_UNUSED_VARIABLE = YES;
				IPHONEOS_DEPLOYMENT_TARGET = 15.0;
				MTL_ENABLE_DEBUG_INFO = NO;
				MTL_FAST_MATH = YES;
				SDKROOT = iphoneos;
				SWIFT_COMPILATION_MODE = wholemodule;
				SWIFT_OPTIMIZATION_LEVEL = "-O";
				SWIFT_STRICT_CONCURRENCY = minimal;
				SWIFT_UPCOMING_FEATURE_GLOBAL_CONCURRENCY = NO;
				SWIFT_VERSION = "";
				VALIDATE_PRODUCT = YES;
			};
			name = Release;
		};
		F87E5C9F267C9E960032949A /* Debug */ = {
			isa = XCBuildConfiguration;
			buildSettings = {
				ASSETCATALOG_COMPILER_APPICON_NAME = AppIcon;
				ASSETCATALOG_COMPILER_GLOBAL_ACCENT_COLOR_NAME = AccentColor;
				CODE_SIGN_STYLE = Automatic;
				DEVELOPMENT_ASSET_PATHS = "\"ImperialWeather/Preview Content\"";
				DEVELOPMENT_TEAM = H5BFNRJ7J5;
				ENABLE_PREVIEWS = YES;
				INFOPLIST_FILE = ImperialWeather/Info.plist;
				IPHONEOS_DEPLOYMENT_TARGET = 16.0;
				LD_RUNPATH_SEARCH_PATHS = (
					"$(inherited)",
					"@executable_path/Frameworks",
				);
				PRODUCT_BUNDLE_IDENTIFIER = com.mycompany.ImperialWeather;
				PRODUCT_NAME = "$(TARGET_NAME)";
				SWIFT_STRICT_CONCURRENCY = complete;
				SWIFT_VERSION = 5.0;
				TARGETED_DEVICE_FAMILY = "1,2";
			};
			name = Debug;
		};
		F87E5CA0267C9E960032949A /* Release */ = {
			isa = XCBuildConfiguration;
			buildSettings = {
				ASSETCATALOG_COMPILER_APPICON_NAME = AppIcon;
				ASSETCATALOG_COMPILER_GLOBAL_ACCENT_COLOR_NAME = AccentColor;
				CODE_SIGN_STYLE = Automatic;
				DEVELOPMENT_ASSET_PATHS = "\"ImperialWeather/Preview Content\"";
				DEVELOPMENT_TEAM = H5BFNRJ7J5;
				ENABLE_PREVIEWS = YES;
				INFOPLIST_FILE = ImperialWeather/Info.plist;
				IPHONEOS_DEPLOYMENT_TARGET = 16.0;
				LD_RUNPATH_SEARCH_PATHS = (
					"$(inherited)",
					"@executable_path/Frameworks",
				);
				PRODUCT_BUNDLE_IDENTIFIER = com.mycompany.ImperialWeather;
				PRODUCT_NAME = "$(TARGET_NAME)";
				SWIFT_STRICT_CONCURRENCY = complete;
				SWIFT_VERSION = 5.0;
				TARGETED_DEVICE_FAMILY = "1,2";
			};
			name = Release;
		};
/* End XCBuildConfiguration section */

/* Begin XCConfigurationList section */
		F85931DC2B72693400E3355E /* Build configuration list for PBXNativeTarget "ImperialWeatherTests" */ = {
			isa = XCConfigurationList;
			buildConfigurations = (
				F85931DA2B72693400E3355E /* Debug */,
				F85931DB2B72693400E3355E /* Release */,
			);
			defaultConfigurationIsVisible = 0;
			defaultConfigurationName = Release;
		};
		F85C43302BA884B500EDBC74 /* Build configuration list for PBXNativeTarget "ImperialWeatherUITests" */ = {
			isa = XCConfigurationList;
			buildConfigurations = (
				F85C432E2BA884B500EDBC74 /* Debug */,
				F85C432F2BA884B500EDBC74 /* Release */,
			);
			defaultConfigurationIsVisible = 0;
			defaultConfigurationName = Release;
		};
		F87E5C8A267C9E950032949A /* Build configuration list for PBXProject "ImperialWeather" */ = {
			isa = XCConfigurationList;
			buildConfigurations = (
				F87E5C9C267C9E960032949A /* Debug */,
				F87E5C9D267C9E960032949A /* Release */,
			);
			defaultConfigurationIsVisible = 0;
			defaultConfigurationName = Release;
		};
		F87E5C9E267C9E960032949A /* Build configuration list for PBXNativeTarget "ImperialWeather" */ = {
			isa = XCConfigurationList;
			buildConfigurations = (
				F87E5C9F267C9E960032949A /* Debug */,
				F87E5CA0267C9E960032949A /* Release */,
			);
			defaultConfigurationIsVisible = 0;
			defaultConfigurationName = Release;
		};
/* End XCConfigurationList section */

/* Begin XCRemoteSwiftPackageReference section */
		F88DC0B0299655C80029E1F4 /* XCRemoteSwiftPackageReference "swiftui-navigation" */ = {
			isa = XCRemoteSwiftPackageReference;
			repositoryURL = "https://github.com/pointfreeco/swiftui-navigation";
			requirement = {
				branch = main;
				kind = branch;
			};
		};
/* End XCRemoteSwiftPackageReference section */

/* Begin XCSwiftPackageProductDependency section */
		F88DC0B1299655C80029E1F4 /* SwiftUINavigation */ = {
			isa = XCSwiftPackageProductDependency;
			package = F88DC0B0299655C80029E1F4 /* XCRemoteSwiftPackageReference "swiftui-navigation" */;
			productName = SwiftUINavigation;
		};
/* End XCSwiftPackageProductDependency section */
	};
	rootObject = F87E5C87267C9E950032949A /* Project object */;
}
